// !$*UTF8*$!
{
	archiveVersion = 1;
	classes = {
	};
	objectVersion = 46;
	objects = {

/* Begin PBXBuildFile section */
		203984A350694F4A99EBD62F /* libPods.a in Frameworks */ = {isa = PBXBuildFile; fileRef = 6CE20EFF00314B96B037F11F /* libPods.a */; };
		824247C7181F82AD00C97F13 /* SuperViewController.m in Sources */ = {isa = PBXBuildFile; fileRef = 824247C6181F82AD00C97F13 /* SuperViewController.m */; };
		824247CA181F82B800C97F13 /* MenuViewController.m in Sources */ = {isa = PBXBuildFile; fileRef = 824247C9181F82B800C97F13 /* MenuViewController.m */; };
		824D44A618322F8B00C8A045 /* libUMFeedback.a in Frameworks */ = {isa = PBXBuildFile; fileRef = 824D44A318322F8B00C8A045 /* libUMFeedback.a */; };
		824D44A718322F8B00C8A045 /* umFeedback.bundle in Resources */ = {isa = PBXBuildFile; fileRef = 824D44A418322F8B00C8A045 /* umFeedback.bundle */; };
		824D44CA1832335A00C8A045 /* UMSocialLocalizable.strings in Resources */ = {isa = PBXBuildFile; fileRef = 824D44A91832335A00C8A045 /* UMSocialLocalizable.strings */; };
		824D44CB1832335A00C8A045 /* TencentOpenAPI.framework in Frameworks */ = {isa = PBXBuildFile; fileRef = 824D44AD1832335A00C8A045 /* TencentOpenAPI.framework */; };
		824D44CC1832335A00C8A045 /* libWeChatSDK.a in Frameworks */ = {isa = PBXBuildFile; fileRef = 824D44AF1832335A00C8A045 /* libWeChatSDK.a */; };
		824D44CD1832335A00C8A045 /* libUMSocial_Sdk_3.1.a in Frameworks */ = {isa = PBXBuildFile; fileRef = 824D44BD1832335A00C8A045 /* libUMSocial_Sdk_3.1.a */; };
		824D44CE1832335A00C8A045 /* libUMSocial_Sdk_Comment_3.1.a in Frameworks */ = {isa = PBXBuildFile; fileRef = 824D44BE1832335A00C8A045 /* libUMSocial_Sdk_Comment_3.1.a */; };
		824D44CF1832335A00C8A045 /* UMSCommentDetailController.xib in Resources */ = {isa = PBXBuildFile; fileRef = 824D44C01832335A00C8A045 /* UMSCommentDetailController.xib */; };
		824D44D01832335A00C8A045 /* UMSCommentInputController.xib in Resources */ = {isa = PBXBuildFile; fileRef = 824D44C11832335A00C8A045 /* UMSCommentInputController.xib */; };
		824D44D11832335A00C8A045 /* UMSCommentInputControlleriPad.xib in Resources */ = {isa = PBXBuildFile; fileRef = 824D44C21832335A00C8A045 /* UMSCommentInputControlleriPad.xib */; };
		824D44D21832335A00C8A045 /* UMShareEditViewController.xib in Resources */ = {isa = PBXBuildFile; fileRef = 824D44C31832335A00C8A045 /* UMShareEditViewController.xib */; };
		824D44D31832335A00C8A045 /* UMShareEditViewControlleriPad.xib in Resources */ = {isa = PBXBuildFile; fileRef = 824D44C41832335A00C8A045 /* UMShareEditViewControlleriPad.xib */; };
		824D44D41832335A00C8A045 /* UMSLoginViewController.xib in Resources */ = {isa = PBXBuildFile; fileRef = 824D44C51832335A00C8A045 /* UMSLoginViewController.xib */; };
		824D44D51832335A00C8A045 /* UMSnsAccountViewController.xib in Resources */ = {isa = PBXBuildFile; fileRef = 824D44C61832335A00C8A045 /* UMSnsAccountViewController.xib */; };
		824D44D61832335A00C8A045 /* UMSShareListController.xib in Resources */ = {isa = PBXBuildFile; fileRef = 824D44C71832335A00C8A045 /* UMSShareListController.xib */; };
		824D44D71832335A00C8A045 /* UMSocialSDKResourcesNew.bundle in Resources */ = {isa = PBXBuildFile; fileRef = 824D44C81832335A00C8A045 /* UMSocialSDKResourcesNew.bundle */; };
		8255F20F1821F89300613ADE /* menu.plist in Resources */ = {isa = PBXBuildFile; fileRef = 8255F20E1821F89300613ADE /* menu.plist */; };
		8255F25918220D0D00613ADE /* UIImage+V.m in Sources */ = {isa = PBXBuildFile; fileRef = 8255F25818220D0D00613ADE /* UIImage+V.m */; };
		8255F25E18222EE900613ADE /* MenuTableViewCell.m in Sources */ = {isa = PBXBuildFile; fileRef = 8255F25D18222EE900613ADE /* MenuTableViewCell.m */; };
		82599635185EEEBF00468FDC /* iTunesArtwork in Resources */ = {isa = PBXBuildFile; fileRef = 82599634185EEEBF00468FDC /* iTunesArtwork */; };
		82599637185EEFB200468FDC /* logo@2x.png in Resources */ = {isa = PBXBuildFile; fileRef = 82599636185EEFB200468FDC /* logo@2x.png */; };
		82599639185EF1F500468FDC /* iconback_1024.png in Resources */ = {isa = PBXBuildFile; fileRef = 82599638185EF1F500468FDC /* iconback_1024.png */; };
		82656B6A183311D7004D3570 /* libstdc++.dylib in Frameworks */ = {isa = PBXBuildFile; fileRef = 82656B69183311D7004D3570 /* libstdc++.dylib */; };
		82656B6C183311E5004D3570 /* libsqlite3.dylib in Frameworks */ = {isa = PBXBuildFile; fileRef = 82656B6B183311E5004D3570 /* libsqlite3.dylib */; };
		82656B71183348AE004D3570 /* libiconv.dylib in Frameworks */ = {isa = PBXBuildFile; fileRef = 82656B70183348AE004D3570 /* libiconv.dylib */; };
		826B6EE8183A02F5005D8EDB /* icon_az@2x.png in Resources */ = {isa = PBXBuildFile; fileRef = 826B6EDF183A02F5005D8EDB /* icon_az@2x.png */; };
		826B6EE9183A02F5005D8EDB /* icon_dd@2x.png in Resources */ = {isa = PBXBuildFile; fileRef = 826B6EE0183A02F5005D8EDB /* icon_dd@2x.png */; };
		826B6EEA183A02F5005D8EDB /* icon_gm@2x.png in Resources */ = {isa = PBXBuildFile; fileRef = 826B6EE1183A02F5005D8EDB /* icon_gm@2x.png */; };
		826B6EEB183A02F5005D8EDB /* icon_jd@2x.png in Resources */ = {isa = PBXBuildFile; fileRef = 826B6EE2183A02F5005D8EDB /* icon_jd@2x.png */; };
		826B6EEC183A02F5005D8EDB /* icon_ne@2x.png in Resources */ = {isa = PBXBuildFile; fileRef = 826B6EE3183A02F5005D8EDB /* icon_ne@2x.png */; };
		826B6EED183A02F5005D8EDB /* icon_sn@2x.png in Resources */ = {isa = PBXBuildFile; fileRef = 826B6EE4183A02F5005D8EDB /* icon_sn@2x.png */; };
		826B6EEE183A02F5005D8EDB /* icon_tmall@2x.png in Resources */ = {isa = PBXBuildFile; fileRef = 826B6EE5183A02F5005D8EDB /* icon_tmall@2x.png */; };
		826B6EEF183A02F5005D8EDB /* icon_yh@2x.png in Resources */ = {isa = PBXBuildFile; fileRef = 826B6EE6183A02F5005D8EDB /* icon_yh@2x.png */; };
		826B6EF0183A02F5005D8EDB /* icon_yx@2x.png in Resources */ = {isa = PBXBuildFile; fileRef = 826B6EE7183A02F5005D8EDB /* icon_yx@2x.png */; };
		826B6EF3183A1305005D8EDB /* ActivityWallTableViewCell.m in Sources */ = {isa = PBXBuildFile; fileRef = 826B6EF2183A1305005D8EDB /* ActivityWallTableViewCell.m */; };
		826B6EF6183A1317005D8EDB /* ComparePriceTableViewCell.m in Sources */ = {isa = PBXBuildFile; fileRef = 826B6EF5183A1317005D8EDB /* ComparePriceTableViewCell.m */; };
		82966162184C6B4F00F46DB9 /* NSTimer+V.m in Sources */ = {isa = PBXBuildFile; fileRef = 82966161184C6B4F00F46DB9 /* NSTimer+V.m */; };
		82966168184D80B500F46DB9 /* VDatePicker.m in Sources */ = {isa = PBXBuildFile; fileRef = 82966167184D80B500F46DB9 /* VDatePicker.m */; };
		8296616F18505CEF00F46DB9 /* icon_bell@2x.png in Resources */ = {isa = PBXBuildFile; fileRef = 8296616B18505CEF00F46DB9 /* icon_bell@2x.png */; };
		8296617018505CEF00F46DB9 /* icon_link@2x.png in Resources */ = {isa = PBXBuildFile; fileRef = 8296616C18505CEF00F46DB9 /* icon_link@2x.png */; };
		8296617118505CEF00F46DB9 /* icon_share@2x.png in Resources */ = {isa = PBXBuildFile; fileRef = 8296616D18505CEF00F46DB9 /* icon_share@2x.png */; };
		8296617218505CEF00F46DB9 /* icon_up@2x.png in Resources */ = {isa = PBXBuildFile; fileRef = 8296616E18505CEF00F46DB9 /* icon_up@2x.png */; };
		8296617B18507F0900F46DB9 /* NSObject+V.m in Sources */ = {isa = PBXBuildFile; fileRef = 8296617A18507F0900F46DB9 /* NSObject+V.m */; };
		8296619C1855B0A100F46DB9 /* FontAwesomeIcons.html in Resources */ = {isa = PBXBuildFile; fileRef = 8296619B1855B0A100F46DB9 /* FontAwesomeIcons.html */; };
		829661A41855B0FE00F46DB9 /* vendor1@2x.png in Resources */ = {isa = PBXBuildFile; fileRef = 8296619D1855B0FE00F46DB9 /* vendor1@2x.png */; };
		829661A51855B0FE00F46DB9 /* vendor2@2x.png in Resources */ = {isa = PBXBuildFile; fileRef = 8296619E1855B0FE00F46DB9 /* vendor2@2x.png */; };
		829661A61855B0FE00F46DB9 /* vendor3@2x.png in Resources */ = {isa = PBXBuildFile; fileRef = 8296619F1855B0FE00F46DB9 /* vendor3@2x.png */; };
		829661A71855B0FE00F46DB9 /* vendor4@2x.png in Resources */ = {isa = PBXBuildFile; fileRef = 829661A01855B0FE00F46DB9 /* vendor4@2x.png */; };
		829661A81855B0FE00F46DB9 /* vendor5@2x.png in Resources */ = {isa = PBXBuildFile; fileRef = 829661A11855B0FE00F46DB9 /* vendor5@2x.png */; };
		829661A91855B0FE00F46DB9 /* vendor6@2x.png in Resources */ = {isa = PBXBuildFile; fileRef = 829661A21855B0FE00F46DB9 /* vendor6@2x.png */; };
		829661AA1855B0FE00F46DB9 /* vendor7@2x.png in Resources */ = {isa = PBXBuildFile; fileRef = 829661A31855B0FE00F46DB9 /* vendor7@2x.png */; };
		829661AD1855B67D00F46DB9 /* NSArray+V.m in Sources */ = {isa = PBXBuildFile; fileRef = 829661AC1855B67D00F46DB9 /* NSArray+V.m */; };
		829661B01855BE2B00F46DB9 /* ComparePrice.m in Sources */ = {isa = PBXBuildFile; fileRef = 829661AF1855BE2B00F46DB9 /* ComparePrice.m */; };
		82A0F7AC182347F600C9C6C6 /* UIView+V.m in Sources */ = {isa = PBXBuildFile; fileRef = 82A0F7AB182347F600C9C6C6 /* UIView+V.m */; };
		82A0F7C718235CBE00C9C6C6 /* icon_calendar@2x.png in Resources */ = {isa = PBXBuildFile; fileRef = 82A0F7B818235CBE00C9C6C6 /* icon_calendar@2x.png */; };
		82A0F7C918235CBE00C9C6C6 /* icon_energy@2x.png in Resources */ = {isa = PBXBuildFile; fileRef = 82A0F7BA18235CBE00C9C6C6 /* icon_energy@2x.png */; };
		82A0F7CB18235CBE00C9C6C6 /* icon_handbag@2x.png in Resources */ = {isa = PBXBuildFile; fileRef = 82A0F7BC18235CBE00C9C6C6 /* icon_handbag@2x.png */; };
		82A0F7CD18235CBE00C9C6C6 /* icon_hourglass@2x.png in Resources */ = {isa = PBXBuildFile; fileRef = 82A0F7BE18235CBE00C9C6C6 /* icon_hourglass@2x.png */; };
		82A0F7CF18235CBE00C9C6C6 /* icon_more@2x.png in Resources */ = {isa = PBXBuildFile; fileRef = 82A0F7C018235CBE00C9C6C6 /* icon_more@2x.png */; };
		82A0F7D3182367A200C9C6C6 /* VRequestHelper.m in Sources */ = {isa = PBXBuildFile; fileRef = 82A0F7D2182367A200C9C6C6 /* VRequestHelper.m */; };
		82A0F7D618239AD700C9C6C6 /* VWebViewController.m in Sources */ = {isa = PBXBuildFile; fileRef = 82A0F7D518239AD700C9C6C6 /* VWebViewController.m */; };
		82A0F7F518279F2600C9C6C6 /* VWebView.m in Sources */ = {isa = PBXBuildFile; fileRef = 82A0F7F418279F2600C9C6C6 /* VWebView.m */; };
		82A0F7FF1828A0F400C9C6C6 /* searchbg@2x.png in Resources */ = {isa = PBXBuildFile; fileRef = 82A0F7FD1828A0F400C9C6C6 /* searchbg@2x.png */; };
		82A0F8021828E3E600C9C6C6 /* CommodityTableViewAdapter.m in Sources */ = {isa = PBXBuildFile; fileRef = 82A0F8011828E3E600C9C6C6 /* CommodityTableViewAdapter.m */; };
		82A0F80B1829EA2500C9C6C6 /* readme.txt in Resources */ = {isa = PBXBuildFile; fileRef = 82A0F80A1829EA2500C9C6C6 /* readme.txt */; };
		82A519C5182B948700D70496 /* UIButton+MenuItem.m in Sources */ = {isa = PBXBuildFile; fileRef = 82A519C4182B948700D70496 /* UIButton+MenuItem.m */; };
		82A519D2183089AB00D70496 /* libPushSDK-Simulator.a in Frameworks */ = {isa = PBXBuildFile; fileRef = 82A519D0183089AB00D70496 /* libPushSDK-Simulator.a */; };
		82A519D3183089AB00D70496 /* libPushSDK.a in Frameworks */ = {isa = PBXBuildFile; fileRef = 82A519D1183089AB00D70496 /* libPushSDK.a */; };
		82A519D51830ADAC00D70496 /* CoreTelephony.framework in Frameworks */ = {isa = PBXBuildFile; fileRef = 82A519D41830ADAC00D70496 /* CoreTelephony.framework */; };
		82A519D71830AFB400D70496 /* PushConfig.plist in Resources */ = {isa = PBXBuildFile; fileRef = 82A519D61830AFB400D70496 /* PushConfig.plist */; };
		82A519DC1832056300D70496 /* libMobClickLibrary.a in Frameworks */ = {isa = PBXBuildFile; fileRef = 82A519D91832056300D70496 /* libMobClickLibrary.a */; };
		82A519DD1832056300D70496 /* libMobClickLibrary_armv6.a in Frameworks */ = {isa = PBXBuildFile; fileRef = 82A519DA1832056300D70496 /* libMobClickLibrary_armv6.a */; };
		82A519E0183217FF00D70496 /* libz.dylib in Frameworks */ = {isa = PBXBuildFile; fileRef = 82A519DF183217FF00D70496 /* libz.dylib */; };
		82AAC4B81820A18D0057E164 /* StrikeThroughLabel.m in Sources */ = {isa = PBXBuildFile; fileRef = 82AAC4B71820A18D0057E164 /* StrikeThroughLabel.m */; };
		82ACA582181F99E6002A103B /* NotBeginViewController.m in Sources */ = {isa = PBXBuildFile; fileRef = 82ACA581181F99E6002A103B /* NotBeginViewController.m */; };
		82ACA585181F99F0002A103B /* KillingViewController.m in Sources */ = {isa = PBXBuildFile; fileRef = 82ACA584181F99F0002A103B /* KillingViewController.m */; };
		82ACA588181F9A0C002A103B /* ActivityWallViewController.m in Sources */ = {isa = PBXBuildFile; fileRef = 82ACA587181F9A0C002A103B /* ActivityWallViewController.m */; };
		82ACA58B181F9A3B002A103B /* ComparePriceViewController.m in Sources */ = {isa = PBXBuildFile; fileRef = 82ACA58A181F9A3B002A103B /* ComparePriceViewController.m */; };
		82ACA58E181F9A44002A103B /* MoreViewController.m in Sources */ = {isa = PBXBuildFile; fileRef = 82ACA58D181F9A44002A103B /* MoreViewController.m */; };
		82ACA599181FADDF002A103B /* CommodityTableViewCell.m in Sources */ = {isa = PBXBuildFile; fileRef = 82ACA598181FADDF002A103B /* CommodityTableViewCell.m */; };
		82BE1E8D183D9C47004DCB84 /* secondskill.sqlite3 in Resources */ = {isa = PBXBuildFile; fileRef = 82BE1E8B183D9C47004DCB84 /* secondskill.sqlite3 */; };
		82BE1EAA183DF2A1004DCB84 /* AESCrypt.m in Sources */ = {isa = PBXBuildFile; fileRef = 82BE1EA3183DF2A1004DCB84 /* AESCrypt.m */; };
		82BE1EAB183DF2A1004DCB84 /* NSData+Base64.m in Sources */ = {isa = PBXBuildFile; fileRef = 82BE1EA5183DF2A1004DCB84 /* NSData+Base64.m */; };
		82BE1EAC183DF2A1004DCB84 /* NSData+CommonCrypto.m in Sources */ = {isa = PBXBuildFile; fileRef = 82BE1EA7183DF2A1004DCB84 /* NSData+CommonCrypto.m */; };
		82BE1EAD183DF2A1004DCB84 /* NSString+Base64.m in Sources */ = {isa = PBXBuildFile; fileRef = 82BE1EA9183DF2A1004DCB84 /* NSString+Base64.m */; };
		82BE1EBA183F1F70004DCB84 /* User.m in Sources */ = {isa = PBXBuildFile; fileRef = 82BE1EB9183F1F70004DCB84 /* User.m */; };
		82BE1EBD183F1F7A004DCB84 /* UserManager.m in Sources */ = {isa = PBXBuildFile; fileRef = 82BE1EBC183F1F7A004DCB84 /* UserManager.m */; };
		82BE1EC0183F2E94004DCB84 /* VNetworkHelper.m in Sources */ = {isa = PBXBuildFile; fileRef = 82BE1EBF183F2E94004DCB84 /* VNetworkHelper.m */; };
		82BE1EC3183F31C9004DCB84 /* VCommonHelper.m in Sources */ = {isa = PBXBuildFile; fileRef = 82BE1EC2183F31C9004DCB84 /* VCommonHelper.m */; };
		82BE1EC6183F352A004DCB84 /* VAlertHelper.m in Sources */ = {isa = PBXBuildFile; fileRef = 82BE1EC5183F352A004DCB84 /* VAlertHelper.m */; };
		82BE1EC9183F442A004DCB84 /* NSString+V.m in Sources */ = {isa = PBXBuildFile; fileRef = 82BE1EC8183F442A004DCB84 /* NSString+V.m */; };
		82BE1ECC183F5CC9004DCB84 /* Commodity.m in Sources */ = {isa = PBXBuildFile; fileRef = 82BE1ECB183F5CC9004DCB84 /* Commodity.m */; };
		82C5857B1848779800AEE6D5 /* VURLCache.m in Sources */ = {isa = PBXBuildFile; fileRef = 82C5857A1848779800AEE6D5 /* VURLCache.m */; };
		82C7F01318444B9C00ADD4A6 /* NSMutableData+V.m in Sources */ = {isa = PBXBuildFile; fileRef = 82C7F01218444B9C00ADD4A6 /* NSMutableData+V.m */; };
		82C7F01618444BBA00ADD4A6 /* NSDictionary+V.m in Sources */ = {isa = PBXBuildFile; fileRef = 82C7F01518444BBA00ADD4A6 /* NSDictionary+V.m */; };
		82C7F01918444C9E00ADD4A6 /* VDataBaseHelper.m in Sources */ = {isa = PBXBuildFile; fileRef = 82C7F01818444C9E00ADD4A6 /* VDataBaseHelper.m */; };
		82C7F01D18446AE500ADD4A6 /* VDateTimeHelper.m in Sources */ = {isa = PBXBuildFile; fileRef = 82C7F01C18446AE500ADD4A6 /* VDateTimeHelper.m */; };
		82C7F020184476B500ADD4A6 /* VAnimationHelper.m in Sources */ = {isa = PBXBuildFile; fileRef = 82C7F01F184476B500ADD4A6 /* VAnimationHelper.m */; };
		82C7F0231845CFD700ADD4A6 /* ActivityWall.m in Sources */ = {isa = PBXBuildFile; fileRef = 82C7F0221845CFD700ADD4A6 /* ActivityWall.m */; };
		82C7F027184600DE00ADD4A6 /* back@2x.png in Resources */ = {isa = PBXBuildFile; fileRef = 82C7F025184600DE00ADD4A6 /* back@2x.png */; };
		82C7F028184600DE00ADD4A6 /* forward@2x.png in Resources */ = {isa = PBXBuildFile; fileRef = 82C7F026184600DE00ADD4A6 /* forward@2x.png */; };
		82F120761835C8FD00B9F9D6 /* SystemConfiguration.framework in Frameworks */ = {isa = PBXBuildFile; fileRef = 82F120751835C8FD00B9F9D6 /* SystemConfiguration.framework */; };
		82F120781835C90200B9F9D6 /* CoreLocation.framework in Frameworks */ = {isa = PBXBuildFile; fileRef = 82F120771835C90200B9F9D6 /* CoreLocation.framework */; };
		82F1207A1835C90C00B9F9D6 /* Security.framework in Frameworks */ = {isa = PBXBuildFile; fileRef = 82F120791835C90C00B9F9D6 /* Security.framework */; };
		82F98C6D181F4AD600AC2F36 /* Foundation.framework in Frameworks */ = {isa = PBXBuildFile; fileRef = 82F98C6C181F4AD600AC2F36 /* Foundation.framework */; };
		82F98C6F181F4AD600AC2F36 /* CoreGraphics.framework in Frameworks */ = {isa = PBXBuildFile; fileRef = 82F98C6E181F4AD600AC2F36 /* CoreGraphics.framework */; };
		82F98C71181F4AD600AC2F36 /* UIKit.framework in Frameworks */ = {isa = PBXBuildFile; fileRef = 82F98C70181F4AD600AC2F36 /* UIKit.framework */; };
		82F98C77181F4AD600AC2F36 /* InfoPlist.strings in Resources */ = {isa = PBXBuildFile; fileRef = 82F98C75181F4AD600AC2F36 /* InfoPlist.strings */; };
		82F98C79181F4AD600AC2F36 /* main.m in Sources */ = {isa = PBXBuildFile; fileRef = 82F98C78181F4AD600AC2F36 /* main.m */; };
		82F98C7D181F4AD600AC2F36 /* AppDelegate.m in Sources */ = {isa = PBXBuildFile; fileRef = 82F98C7C181F4AD600AC2F36 /* AppDelegate.m */; };
		82F98C80181F4AD600AC2F36 /* Main.storyboard in Resources */ = {isa = PBXBuildFile; fileRef = 82F98C7E181F4AD600AC2F36 /* Main.storyboard */; };
		82F98C88181F4AD700AC2F36 /* Images.xcassets in Resources */ = {isa = PBXBuildFile; fileRef = 82F98C87181F4AD700AC2F36 /* Images.xcassets */; };
/* End PBXBuildFile section */

/* Begin PBXFileReference section */
		4049F88A6FA543A1AD091689 /* Pods.xcconfig */ = {isa = PBXFileReference; includeInIndex = 1; lastKnownFileType = text.xcconfig; name = Pods.xcconfig; path = Pods/Pods.xcconfig; sourceTree = "<group>"; };
		6CE20EFF00314B96B037F11F /* libPods.a */ = {isa = PBXFileReference; explicitFileType = archive.ar; includeInIndex = 0; path = libPods.a; sourceTree = BUILT_PRODUCTS_DIR; };
		824247C5181F82AD00C97F13 /* SuperViewController.h */ = {isa = PBXFileReference; fileEncoding = 4; lastKnownFileType = sourcecode.c.h; path = SuperViewController.h; sourceTree = "<group>"; };
		824247C6181F82AD00C97F13 /* SuperViewController.m */ = {isa = PBXFileReference; fileEncoding = 4; lastKnownFileType = sourcecode.c.objc; path = SuperViewController.m; sourceTree = "<group>"; };
		824247C8181F82B800C97F13 /* MenuViewController.h */ = {isa = PBXFileReference; fileEncoding = 4; lastKnownFileType = sourcecode.c.h; path = MenuViewController.h; sourceTree = "<group>"; };
		824247C9181F82B800C97F13 /* MenuViewController.m */ = {isa = PBXFileReference; fileEncoding = 4; lastKnownFileType = sourcecode.c.objc; path = MenuViewController.m; sourceTree = "<group>"; };
		824D44A318322F8B00C8A045 /* libUMFeedback.a */ = {isa = PBXFileReference; lastKnownFileType = archive.ar; path = libUMFeedback.a; sourceTree = "<group>"; };
		824D44A418322F8B00C8A045 /* umFeedback.bundle */ = {isa = PBXFileReference; lastKnownFileType = "wrapper.plug-in"; path = umFeedback.bundle; sourceTree = "<group>"; };
		824D44A518322F8B00C8A045 /* UMFeedback.h */ = {isa = PBXFileReference; fileEncoding = 4; lastKnownFileType = sourcecode.c.h; path = UMFeedback.h; sourceTree = "<group>"; };
		824D44AA1832335A00C8A045 /* en */ = {isa = PBXFileReference; lastKnownFileType = text.plist.strings; name = en; path = en.lproj/UMSocialLocalizable.strings; sourceTree = "<group>"; };
		824D44AD1832335A00C8A045 /* TencentOpenAPI.framework */ = {isa = PBXFileReference; lastKnownFileType = wrapper.framework; path = TencentOpenAPI.framework; sourceTree = "<group>"; };
		824D44AF1832335A00C8A045 /* libWeChatSDK.a */ = {isa = PBXFileReference; lastKnownFileType = archive.ar; path = libWeChatSDK.a; sourceTree = "<group>"; };
		824D44B01832335A00C8A045 /* WXApi.h */ = {isa = PBXFileReference; fileEncoding = 4; lastKnownFileType = sourcecode.c.h; path = WXApi.h; sourceTree = "<group>"; };
		824D44B11832335A00C8A045 /* WXApiObject.h */ = {isa = PBXFileReference; fileEncoding = 4; lastKnownFileType = sourcecode.c.h; path = WXApiObject.h; sourceTree = "<group>"; };
		824D44B31832335A00C8A045 /* UMSocial.h */ = {isa = PBXFileReference; fileEncoding = 4; lastKnownFileType = sourcecode.c.h; path = UMSocial.h; sourceTree = "<group>"; };
		824D44B41832335A00C8A045 /* UMSocialAccountManager.h */ = {isa = PBXFileReference; fileEncoding = 4; lastKnownFileType = sourcecode.c.h; path = UMSocialAccountManager.h; sourceTree = "<group>"; };
		824D44B51832335A00C8A045 /* UMSocialBar.h */ = {isa = PBXFileReference; fileEncoding = 4; lastKnownFileType = sourcecode.c.h; path = UMSocialBar.h; sourceTree = "<group>"; };
		824D44B61832335A00C8A045 /* UMSocialConfig.h */ = {isa = PBXFileReference; fileEncoding = 4; lastKnownFileType = sourcecode.c.h; path = UMSocialConfig.h; sourceTree = "<group>"; };
		824D44B71832335A00C8A045 /* UMSocialControllerService.h */ = {isa = PBXFileReference; fileEncoding = 4; lastKnownFileType = sourcecode.c.h; path = UMSocialControllerService.h; sourceTree = "<group>"; };
		824D44B81832335A00C8A045 /* UMSocialControllerServiceComment.h */ = {isa = PBXFileReference; fileEncoding = 4; lastKnownFileType = sourcecode.c.h; path = UMSocialControllerServiceComment.h; sourceTree = "<group>"; };
		824D44B91832335A00C8A045 /* UMSocialData.h */ = {isa = PBXFileReference; fileEncoding = 4; lastKnownFileType = sourcecode.c.h; path = UMSocialData.h; sourceTree = "<group>"; };
		824D44BA1832335A00C8A045 /* UMSocialDataService.h */ = {isa = PBXFileReference; fileEncoding = 4; lastKnownFileType = sourcecode.c.h; path = UMSocialDataService.h; sourceTree = "<group>"; };
		824D44BB1832335A00C8A045 /* UMSocialSnsPlatformManager.h */ = {isa = PBXFileReference; fileEncoding = 4; lastKnownFileType = sourcecode.c.h; path = UMSocialSnsPlatformManager.h; sourceTree = "<group>"; };
		824D44BC1832335A00C8A045 /* UMSocialSnsService.h */ = {isa = PBXFileReference; fileEncoding = 4; lastKnownFileType = sourcecode.c.h; path = UMSocialSnsService.h; sourceTree = "<group>"; };
		824D44BD1832335A00C8A045 /* libUMSocial_Sdk_3.1.a */ = {isa = PBXFileReference; lastKnownFileType = archive.ar; path = libUMSocial_Sdk_3.1.a; sourceTree = "<group>"; };
		824D44BE1832335A00C8A045 /* libUMSocial_Sdk_Comment_3.1.a */ = {isa = PBXFileReference; lastKnownFileType = archive.ar; path = libUMSocial_Sdk_Comment_3.1.a; sourceTree = "<group>"; };
		824D44C01832335A00C8A045 /* UMSCommentDetailController.xib */ = {isa = PBXFileReference; fileEncoding = 4; lastKnownFileType = file.xib; path = UMSCommentDetailController.xib; sourceTree = "<group>"; };
		824D44C11832335A00C8A045 /* UMSCommentInputController.xib */ = {isa = PBXFileReference; fileEncoding = 4; lastKnownFileType = file.xib; path = UMSCommentInputController.xib; sourceTree = "<group>"; };
		824D44C21832335A00C8A045 /* UMSCommentInputControlleriPad.xib */ = {isa = PBXFileReference; fileEncoding = 4; lastKnownFileType = file.xib; path = UMSCommentInputControlleriPad.xib; sourceTree = "<group>"; };
		824D44C31832335A00C8A045 /* UMShareEditViewController.xib */ = {isa = PBXFileReference; fileEncoding = 4; lastKnownFileType = file.xib; path = UMShareEditViewController.xib; sourceTree = "<group>"; };
		824D44C41832335A00C8A045 /* UMShareEditViewControlleriPad.xib */ = {isa = PBXFileReference; fileEncoding = 4; lastKnownFileType = file.xib; path = UMShareEditViewControlleriPad.xib; sourceTree = "<group>"; };
		824D44C51832335A00C8A045 /* UMSLoginViewController.xib */ = {isa = PBXFileReference; fileEncoding = 4; lastKnownFileType = file.xib; path = UMSLoginViewController.xib; sourceTree = "<group>"; };
		824D44C61832335A00C8A045 /* UMSnsAccountViewController.xib */ = {isa = PBXFileReference; fileEncoding = 4; lastKnownFileType = file.xib; path = UMSnsAccountViewController.xib; sourceTree = "<group>"; };
		824D44C71832335A00C8A045 /* UMSShareListController.xib */ = {isa = PBXFileReference; fileEncoding = 4; lastKnownFileType = file.xib; path = UMSShareListController.xib; sourceTree = "<group>"; };
		824D44C81832335A00C8A045 /* UMSocialSDKResourcesNew.bundle */ = {isa = PBXFileReference; lastKnownFileType = "wrapper.plug-in"; path = UMSocialSDKResourcesNew.bundle; sourceTree = "<group>"; };
		824D44C91832335A00C8A045 /* zh-Hans */ = {isa = PBXFileReference; lastKnownFileType = text.plist.strings; name = "zh-Hans"; path = "zh-Hans.lproj/UMSocialLocalizable.strings"; sourceTree = "<group>"; };
		8255F20E1821F89300613ADE /* menu.plist */ = {isa = PBXFileReference; fileEncoding = 4; lastKnownFileType = text.plist.xml; path = menu.plist; sourceTree = "<group>"; };
		8255F25718220D0D00613ADE /* UIImage+V.h */ = {isa = PBXFileReference; fileEncoding = 4; lastKnownFileType = sourcecode.c.h; path = "UIImage+V.h"; sourceTree = "<group>"; };
		8255F25818220D0D00613ADE /* UIImage+V.m */ = {isa = PBXFileReference; fileEncoding = 4; lastKnownFileType = sourcecode.c.objc; path = "UIImage+V.m"; sourceTree = "<group>"; };
		8255F25C18222EE900613ADE /* MenuTableViewCell.h */ = {isa = PBXFileReference; fileEncoding = 4; lastKnownFileType = sourcecode.c.h; path = MenuTableViewCell.h; sourceTree = "<group>"; };
		8255F25D18222EE900613ADE /* MenuTableViewCell.m */ = {isa = PBXFileReference; fileEncoding = 4; lastKnownFileType = sourcecode.c.objc; path = MenuTableViewCell.m; sourceTree = "<group>"; };
		82599634185EEEBF00468FDC /* iTunesArtwork */ = {isa = PBXFileReference; lastKnownFileType = file; path = iTunesArtwork; sourceTree = "<group>"; };
		82599636185EEFB200468FDC /* logo@2x.png */ = {isa = PBXFileReference; lastKnownFileType = image.png; path = "logo@2x.png"; sourceTree = "<group>"; };
		82599638185EF1F500468FDC /* iconback_1024.png */ = {isa = PBXFileReference; lastKnownFileType = image.png; path = iconback_1024.png; sourceTree = "<group>"; };
		82656B69183311D7004D3570 /* libstdc++.dylib */ = {isa = PBXFileReference; lastKnownFileType = "compiled.mach-o.dylib"; name = "libstdc++.dylib"; path = "usr/lib/libstdc++.dylib"; sourceTree = SDKROOT; };
		82656B6B183311E5004D3570 /* libsqlite3.dylib */ = {isa = PBXFileReference; lastKnownFileType = "compiled.mach-o.dylib"; name = libsqlite3.dylib; path = usr/lib/libsqlite3.dylib; sourceTree = SDKROOT; };
		82656B70183348AE004D3570 /* libiconv.dylib */ = {isa = PBXFileReference; lastKnownFileType = "compiled.mach-o.dylib"; name = libiconv.dylib; path = usr/lib/libiconv.dylib; sourceTree = SDKROOT; };
		826B6EDF183A02F5005D8EDB /* icon_az@2x.png */ = {isa = PBXFileReference; lastKnownFileType = image.png; path = "icon_az@2x.png"; sourceTree = "<group>"; };
		826B6EE0183A02F5005D8EDB /* icon_dd@2x.png */ = {isa = PBXFileReference; lastKnownFileType = image.png; path = "icon_dd@2x.png"; sourceTree = "<group>"; };
		826B6EE1183A02F5005D8EDB /* icon_gm@2x.png */ = {isa = PBXFileReference; lastKnownFileType = image.png; path = "icon_gm@2x.png"; sourceTree = "<group>"; };
		826B6EE2183A02F5005D8EDB /* icon_jd@2x.png */ = {isa = PBXFileReference; lastKnownFileType = image.png; path = "icon_jd@2x.png"; sourceTree = "<group>"; };
		826B6EE3183A02F5005D8EDB /* icon_ne@2x.png */ = {isa = PBXFileReference; lastKnownFileType = image.png; path = "icon_ne@2x.png"; sourceTree = "<group>"; };
		826B6EE4183A02F5005D8EDB /* icon_sn@2x.png */ = {isa = PBXFileReference; lastKnownFileType = image.png; path = "icon_sn@2x.png"; sourceTree = "<group>"; };
		826B6EE5183A02F5005D8EDB /* icon_tmall@2x.png */ = {isa = PBXFileReference; lastKnownFileType = image.png; path = "icon_tmall@2x.png"; sourceTree = "<group>"; };
		826B6EE6183A02F5005D8EDB /* icon_yh@2x.png */ = {isa = PBXFileReference; lastKnownFileType = image.png; path = "icon_yh@2x.png"; sourceTree = "<group>"; };
		826B6EE7183A02F5005D8EDB /* icon_yx@2x.png */ = {isa = PBXFileReference; lastKnownFileType = image.png; path = "icon_yx@2x.png"; sourceTree = "<group>"; };
		826B6EF1183A1305005D8EDB /* ActivityWallTableViewCell.h */ = {isa = PBXFileReference; fileEncoding = 4; lastKnownFileType = sourcecode.c.h; path = ActivityWallTableViewCell.h; sourceTree = "<group>"; };
		826B6EF2183A1305005D8EDB /* ActivityWallTableViewCell.m */ = {isa = PBXFileReference; fileEncoding = 4; lastKnownFileType = sourcecode.c.objc; path = ActivityWallTableViewCell.m; sourceTree = "<group>"; };
		826B6EF4183A1317005D8EDB /* ComparePriceTableViewCell.h */ = {isa = PBXFileReference; fileEncoding = 4; lastKnownFileType = sourcecode.c.h; path = ComparePriceTableViewCell.h; sourceTree = "<group>"; };
		826B6EF5183A1317005D8EDB /* ComparePriceTableViewCell.m */ = {isa = PBXFileReference; fileEncoding = 4; lastKnownFileType = sourcecode.c.objc; path = ComparePriceTableViewCell.m; sourceTree = "<group>"; };
		82966160184C6B4F00F46DB9 /* NSTimer+V.h */ = {isa = PBXFileReference; fileEncoding = 4; lastKnownFileType = sourcecode.c.h; path = "NSTimer+V.h"; sourceTree = "<group>"; };
		82966161184C6B4F00F46DB9 /* NSTimer+V.m */ = {isa = PBXFileReference; fileEncoding = 4; lastKnownFileType = sourcecode.c.objc; path = "NSTimer+V.m"; sourceTree = "<group>"; };
		82966163184C918000F46DB9 /* StoreKit.framework */ = {isa = PBXFileReference; lastKnownFileType = wrapper.framework; name = StoreKit.framework; path = System/Library/Frameworks/StoreKit.framework; sourceTree = SDKROOT; };
		82966166184D80B500F46DB9 /* VDatePicker.h */ = {isa = PBXFileReference; fileEncoding = 4; lastKnownFileType = sourcecode.c.h; path = VDatePicker.h; sourceTree = "<group>"; };
		82966167184D80B500F46DB9 /* VDatePicker.m */ = {isa = PBXFileReference; fileEncoding = 4; lastKnownFileType = sourcecode.c.objc; path = VDatePicker.m; sourceTree = "<group>"; };
		8296616B18505CEF00F46DB9 /* icon_bell@2x.png */ = {isa = PBXFileReference; lastKnownFileType = image.png; path = "icon_bell@2x.png"; sourceTree = "<group>"; };
		8296616C18505CEF00F46DB9 /* icon_link@2x.png */ = {isa = PBXFileReference; lastKnownFileType = image.png; path = "icon_link@2x.png"; sourceTree = "<group>"; };
		8296616D18505CEF00F46DB9 /* icon_share@2x.png */ = {isa = PBXFileReference; lastKnownFileType = image.png; path = "icon_share@2x.png"; sourceTree = "<group>"; };
		8296616E18505CEF00F46DB9 /* icon_up@2x.png */ = {isa = PBXFileReference; lastKnownFileType = image.png; path = "icon_up@2x.png"; sourceTree = "<group>"; };
		8296617918507F0900F46DB9 /* NSObject+V.h */ = {isa = PBXFileReference; fileEncoding = 4; lastKnownFileType = sourcecode.c.h; path = "NSObject+V.h"; sourceTree = "<group>"; };
		8296617A18507F0900F46DB9 /* NSObject+V.m */ = {isa = PBXFileReference; fileEncoding = 4; lastKnownFileType = sourcecode.c.objc; path = "NSObject+V.m"; sourceTree = "<group>"; };
		8296619B1855B0A100F46DB9 /* FontAwesomeIcons.html */ = {isa = PBXFileReference; fileEncoding = 4; lastKnownFileType = text.html; path = FontAwesomeIcons.html; sourceTree = "<group>"; };
		8296619D1855B0FE00F46DB9 /* vendor1@2x.png */ = {isa = PBXFileReference; lastKnownFileType = image.png; path = "vendor1@2x.png"; sourceTree = "<group>"; };
		8296619E1855B0FE00F46DB9 /* vendor2@2x.png */ = {isa = PBXFileReference; lastKnownFileType = image.png; path = "vendor2@2x.png"; sourceTree = "<group>"; };
		8296619F1855B0FE00F46DB9 /* vendor3@2x.png */ = {isa = PBXFileReference; lastKnownFileType = image.png; path = "vendor3@2x.png"; sourceTree = "<group>"; };
		829661A01855B0FE00F46DB9 /* vendor4@2x.png */ = {isa = PBXFileReference; lastKnownFileType = image.png; path = "vendor4@2x.png"; sourceTree = "<group>"; };
		829661A11855B0FE00F46DB9 /* vendor5@2x.png */ = {isa = PBXFileReference; lastKnownFileType = image.png; path = "vendor5@2x.png"; sourceTree = "<group>"; };
		829661A21855B0FE00F46DB9 /* vendor6@2x.png */ = {isa = PBXFileReference; lastKnownFileType = image.png; path = "vendor6@2x.png"; sourceTree = "<group>"; };
		829661A31855B0FE00F46DB9 /* vendor7@2x.png */ = {isa = PBXFileReference; lastKnownFileType = image.png; path = "vendor7@2x.png"; sourceTree = "<group>"; };
		829661AB1855B67D00F46DB9 /* NSArray+V.h */ = {isa = PBXFileReference; fileEncoding = 4; lastKnownFileType = sourcecode.c.h; path = "NSArray+V.h"; sourceTree = "<group>"; };
		829661AC1855B67D00F46DB9 /* NSArray+V.m */ = {isa = PBXFileReference; fileEncoding = 4; lastKnownFileType = sourcecode.c.objc; path = "NSArray+V.m"; sourceTree = "<group>"; };
		829661AE1855BE2B00F46DB9 /* ComparePrice.h */ = {isa = PBXFileReference; fileEncoding = 4; lastKnownFileType = sourcecode.c.h; path = ComparePrice.h; sourceTree = "<group>"; };
		829661AF1855BE2B00F46DB9 /* ComparePrice.m */ = {isa = PBXFileReference; fileEncoding = 4; lastKnownFileType = sourcecode.c.objc; path = ComparePrice.m; sourceTree = "<group>"; };
		82A0F7AA182347F600C9C6C6 /* UIView+V.h */ = {isa = PBXFileReference; fileEncoding = 4; lastKnownFileType = sourcecode.c.h; path = "UIView+V.h"; sourceTree = "<group>"; };
		82A0F7AB182347F600C9C6C6 /* UIView+V.m */ = {isa = PBXFileReference; fileEncoding = 4; lastKnownFileType = sourcecode.c.objc; path = "UIView+V.m"; sourceTree = "<group>"; };
		82A0F7B818235CBE00C9C6C6 /* icon_calendar@2x.png */ = {isa = PBXFileReference; lastKnownFileType = image.png; path = "icon_calendar@2x.png"; sourceTree = "<group>"; };
		82A0F7BA18235CBE00C9C6C6 /* icon_energy@2x.png */ = {isa = PBXFileReference; lastKnownFileType = image.png; path = "icon_energy@2x.png"; sourceTree = "<group>"; };
		82A0F7BC18235CBE00C9C6C6 /* icon_handbag@2x.png */ = {isa = PBXFileReference; lastKnownFileType = image.png; path = "icon_handbag@2x.png"; sourceTree = "<group>"; };
		82A0F7BE18235CBE00C9C6C6 /* icon_hourglass@2x.png */ = {isa = PBXFileReference; lastKnownFileType = image.png; path = "icon_hourglass@2x.png"; sourceTree = "<group>"; };
		82A0F7C018235CBE00C9C6C6 /* icon_more@2x.png */ = {isa = PBXFileReference; lastKnownFileType = image.png; path = "icon_more@2x.png"; sourceTree = "<group>"; };
		82A0F7D1182367A200C9C6C6 /* VRequestHelper.h */ = {isa = PBXFileReference; fileEncoding = 4; lastKnownFileType = sourcecode.c.h; path = VRequestHelper.h; sourceTree = "<group>"; };
		82A0F7D2182367A200C9C6C6 /* VRequestHelper.m */ = {isa = PBXFileReference; fileEncoding = 4; lastKnownFileType = sourcecode.c.objc; path = VRequestHelper.m; sourceTree = "<group>"; };
		82A0F7D418239AD700C9C6C6 /* VWebViewController.h */ = {isa = PBXFileReference; fileEncoding = 4; lastKnownFileType = sourcecode.c.h; path = VWebViewController.h; sourceTree = "<group>"; };
		82A0F7D518239AD700C9C6C6 /* VWebViewController.m */ = {isa = PBXFileReference; fileEncoding = 4; lastKnownFileType = sourcecode.c.objc; path = VWebViewController.m; sourceTree = "<group>"; };
		82A0F7F318279F2600C9C6C6 /* VWebView.h */ = {isa = PBXFileReference; fileEncoding = 4; lastKnownFileType = sourcecode.c.h; path = VWebView.h; sourceTree = "<group>"; };
		82A0F7F418279F2600C9C6C6 /* VWebView.m */ = {isa = PBXFileReference; fileEncoding = 4; lastKnownFileType = sourcecode.c.objc; path = VWebView.m; sourceTree = "<group>"; };
		82A0F7FD1828A0F400C9C6C6 /* searchbg@2x.png */ = {isa = PBXFileReference; lastKnownFileType = image.png; name = "searchbg@2x.png"; path = "btnicon/searchbg@2x.png"; sourceTree = "<group>"; };
		82A0F8001828E3E600C9C6C6 /* CommodityTableViewAdapter.h */ = {isa = PBXFileReference; fileEncoding = 4; lastKnownFileType = sourcecode.c.h; path = CommodityTableViewAdapter.h; sourceTree = "<group>"; };
		82A0F8011828E3E600C9C6C6 /* CommodityTableViewAdapter.m */ = {isa = PBXFileReference; fileEncoding = 4; lastKnownFileType = sourcecode.c.objc; path = CommodityTableViewAdapter.m; sourceTree = "<group>"; };
		82A0F80A1829EA2500C9C6C6 /* readme.txt */ = {isa = PBXFileReference; fileEncoding = 4; lastKnownFileType = text; path = readme.txt; sourceTree = "<group>"; };
		82A519C3182B948700D70496 /* UIButton+MenuItem.h */ = {isa = PBXFileReference; fileEncoding = 4; lastKnownFileType = sourcecode.c.h; path = "UIButton+MenuItem.h"; sourceTree = "<group>"; };
		82A519C4182B948700D70496 /* UIButton+MenuItem.m */ = {isa = PBXFileReference; fileEncoding = 4; lastKnownFileType = sourcecode.c.objc; path = "UIButton+MenuItem.m"; sourceTree = "<group>"; };
		82A519CF183089AB00D70496 /* APService.h */ = {isa = PBXFileReference; fileEncoding = 4; lastKnownFileType = sourcecode.c.h; path = APService.h; sourceTree = "<group>"; };
		82A519D0183089AB00D70496 /* libPushSDK-Simulator.a */ = {isa = PBXFileReference; lastKnownFileType = archive.ar; path = "libPushSDK-Simulator.a"; sourceTree = "<group>"; };
		82A519D1183089AB00D70496 /* libPushSDK.a */ = {isa = PBXFileReference; lastKnownFileType = archive.ar; path = libPushSDK.a; sourceTree = "<group>"; };
		82A519D41830ADAC00D70496 /* CoreTelephony.framework */ = {isa = PBXFileReference; lastKnownFileType = wrapper.framework; name = CoreTelephony.framework; path = System/Library/Frameworks/CoreTelephony.framework; sourceTree = SDKROOT; };
		82A519D61830AFB400D70496 /* PushConfig.plist */ = {isa = PBXFileReference; fileEncoding = 4; lastKnownFileType = text.plist.xml; path = PushConfig.plist; sourceTree = "<group>"; };
		82A519D91832056300D70496 /* libMobClickLibrary.a */ = {isa = PBXFileReference; lastKnownFileType = archive.ar; path = libMobClickLibrary.a; sourceTree = "<group>"; };
		82A519DA1832056300D70496 /* libMobClickLibrary_armv6.a */ = {isa = PBXFileReference; lastKnownFileType = archive.ar; path = libMobClickLibrary_armv6.a; sourceTree = "<group>"; };
		82A519DB1832056300D70496 /* MobClick.h */ = {isa = PBXFileReference; fileEncoding = 4; lastKnownFileType = sourcecode.c.h; path = MobClick.h; sourceTree = "<group>"; };
		82A519DF183217FF00D70496 /* libz.dylib */ = {isa = PBXFileReference; lastKnownFileType = "compiled.mach-o.dylib"; name = libz.dylib; path = usr/lib/libz.dylib; sourceTree = SDKROOT; };
		82AAC4B61820A18D0057E164 /* StrikeThroughLabel.h */ = {isa = PBXFileReference; fileEncoding = 4; lastKnownFileType = sourcecode.c.h; path = StrikeThroughLabel.h; sourceTree = "<group>"; };
		82AAC4B71820A18D0057E164 /* StrikeThroughLabel.m */ = {isa = PBXFileReference; fileEncoding = 4; lastKnownFileType = sourcecode.c.objc; path = StrikeThroughLabel.m; sourceTree = "<group>"; };
		82ACA580181F99E6002A103B /* NotBeginViewController.h */ = {isa = PBXFileReference; fileEncoding = 4; lastKnownFileType = sourcecode.c.h; path = NotBeginViewController.h; sourceTree = "<group>"; };
		82ACA581181F99E6002A103B /* NotBeginViewController.m */ = {isa = PBXFileReference; fileEncoding = 4; lastKnownFileType = sourcecode.c.objc; path = NotBeginViewController.m; sourceTree = "<group>"; };
		82ACA583181F99F0002A103B /* KillingViewController.h */ = {isa = PBXFileReference; fileEncoding = 4; lastKnownFileType = sourcecode.c.h; path = KillingViewController.h; sourceTree = "<group>"; };
		82ACA584181F99F0002A103B /* KillingViewController.m */ = {isa = PBXFileReference; fileEncoding = 4; lastKnownFileType = sourcecode.c.objc; path = KillingViewController.m; sourceTree = "<group>"; };
		82ACA586181F9A0C002A103B /* ActivityWallViewController.h */ = {isa = PBXFileReference; fileEncoding = 4; lastKnownFileType = sourcecode.c.h; path = ActivityWallViewController.h; sourceTree = "<group>"; };
		82ACA587181F9A0C002A103B /* ActivityWallViewController.m */ = {isa = PBXFileReference; fileEncoding = 4; lastKnownFileType = sourcecode.c.objc; path = ActivityWallViewController.m; sourceTree = "<group>"; };
		82ACA589181F9A3B002A103B /* ComparePriceViewController.h */ = {isa = PBXFileReference; fileEncoding = 4; lastKnownFileType = sourcecode.c.h; path = ComparePriceViewController.h; sourceTree = "<group>"; };
		82ACA58A181F9A3B002A103B /* ComparePriceViewController.m */ = {isa = PBXFileReference; fileEncoding = 4; lastKnownFileType = sourcecode.c.objc; path = ComparePriceViewController.m; sourceTree = "<group>"; };
		82ACA58C181F9A44002A103B /* MoreViewController.h */ = {isa = PBXFileReference; fileEncoding = 4; lastKnownFileType = sourcecode.c.h; path = MoreViewController.h; sourceTree = "<group>"; };
		82ACA58D181F9A44002A103B /* MoreViewController.m */ = {isa = PBXFileReference; fileEncoding = 4; lastKnownFileType = sourcecode.c.objc; path = MoreViewController.m; sourceTree = "<group>"; };
		82ACA597181FADDF002A103B /* CommodityTableViewCell.h */ = {isa = PBXFileReference; fileEncoding = 4; lastKnownFileType = sourcecode.c.h; path = CommodityTableViewCell.h; sourceTree = "<group>"; };
		82ACA598181FADDF002A103B /* CommodityTableViewCell.m */ = {isa = PBXFileReference; fileEncoding = 4; lastKnownFileType = sourcecode.c.objc; path = CommodityTableViewCell.m; sourceTree = "<group>"; };
		82BE1E8B183D9C47004DCB84 /* secondskill.sqlite3 */ = {isa = PBXFileReference; fileEncoding = 4; lastKnownFileType = text; path = secondskill.sqlite3; sourceTree = "<group>"; };
		82BE1EA2183DF2A1004DCB84 /* AESCrypt.h */ = {isa = PBXFileReference; fileEncoding = 4; lastKnownFileType = sourcecode.c.h; path = AESCrypt.h; sourceTree = "<group>"; };
		82BE1EA3183DF2A1004DCB84 /* AESCrypt.m */ = {isa = PBXFileReference; fileEncoding = 4; lastKnownFileType = sourcecode.c.objc; path = AESCrypt.m; sourceTree = "<group>"; };
		82BE1EA4183DF2A1004DCB84 /* NSData+Base64.h */ = {isa = PBXFileReference; fileEncoding = 4; lastKnownFileType = sourcecode.c.h; path = "NSData+Base64.h"; sourceTree = "<group>"; };
		82BE1EA5183DF2A1004DCB84 /* NSData+Base64.m */ = {isa = PBXFileReference; fileEncoding = 4; lastKnownFileType = sourcecode.c.objc; path = "NSData+Base64.m"; sourceTree = "<group>"; };
		82BE1EA6183DF2A1004DCB84 /* NSData+CommonCrypto.h */ = {isa = PBXFileReference; fileEncoding = 4; lastKnownFileType = sourcecode.c.h; path = "NSData+CommonCrypto.h"; sourceTree = "<group>"; };
		82BE1EA7183DF2A1004DCB84 /* NSData+CommonCrypto.m */ = {isa = PBXFileReference; fileEncoding = 4; lastKnownFileType = sourcecode.c.objc; path = "NSData+CommonCrypto.m"; sourceTree = "<group>"; };
		82BE1EA8183DF2A1004DCB84 /* NSString+Base64.h */ = {isa = PBXFileReference; fileEncoding = 4; lastKnownFileType = sourcecode.c.h; path = "NSString+Base64.h"; sourceTree = "<group>"; };
		82BE1EA9183DF2A1004DCB84 /* NSString+Base64.m */ = {isa = PBXFileReference; fileEncoding = 4; lastKnownFileType = sourcecode.c.objc; path = "NSString+Base64.m"; sourceTree = "<group>"; };
		82BE1EB8183F1F70004DCB84 /* User.h */ = {isa = PBXFileReference; fileEncoding = 4; lastKnownFileType = sourcecode.c.h; path = User.h; sourceTree = "<group>"; };
		82BE1EB9183F1F70004DCB84 /* User.m */ = {isa = PBXFileReference; fileEncoding = 4; lastKnownFileType = sourcecode.c.objc; path = User.m; sourceTree = "<group>"; };
		82BE1EBB183F1F7A004DCB84 /* UserManager.h */ = {isa = PBXFileReference; fileEncoding = 4; lastKnownFileType = sourcecode.c.h; path = UserManager.h; sourceTree = "<group>"; };
		82BE1EBC183F1F7A004DCB84 /* UserManager.m */ = {isa = PBXFileReference; fileEncoding = 4; lastKnownFileType = sourcecode.c.objc; path = UserManager.m; sourceTree = "<group>"; };
		82BE1EBE183F2E94004DCB84 /* VNetworkHelper.h */ = {isa = PBXFileReference; fileEncoding = 4; lastKnownFileType = sourcecode.c.h; path = VNetworkHelper.h; sourceTree = "<group>"; };
		82BE1EBF183F2E94004DCB84 /* VNetworkHelper.m */ = {isa = PBXFileReference; fileEncoding = 4; lastKnownFileType = sourcecode.c.objc; path = VNetworkHelper.m; sourceTree = "<group>"; };
		82BE1EC1183F31C9004DCB84 /* VCommonHelper.h */ = {isa = PBXFileReference; fileEncoding = 4; lastKnownFileType = sourcecode.c.h; path = VCommonHelper.h; sourceTree = "<group>"; };
		82BE1EC2183F31C9004DCB84 /* VCommonHelper.m */ = {isa = PBXFileReference; fileEncoding = 4; lastKnownFileType = sourcecode.c.objc; path = VCommonHelper.m; sourceTree = "<group>"; };
		82BE1EC4183F352A004DCB84 /* VAlertHelper.h */ = {isa = PBXFileReference; fileEncoding = 4; lastKnownFileType = sourcecode.c.h; path = VAlertHelper.h; sourceTree = "<group>"; };
		82BE1EC5183F352A004DCB84 /* VAlertHelper.m */ = {isa = PBXFileReference; fileEncoding = 4; lastKnownFileType = sourcecode.c.objc; path = VAlertHelper.m; sourceTree = "<group>"; };
		82BE1EC7183F442A004DCB84 /* NSString+V.h */ = {isa = PBXFileReference; fileEncoding = 4; lastKnownFileType = sourcecode.c.h; path = "NSString+V.h"; sourceTree = "<group>"; };
		82BE1EC8183F442A004DCB84 /* NSString+V.m */ = {isa = PBXFileReference; fileEncoding = 4; lastKnownFileType = sourcecode.c.objc; path = "NSString+V.m"; sourceTree = "<group>"; };
		82BE1ECA183F5CC9004DCB84 /* Commodity.h */ = {isa = PBXFileReference; fileEncoding = 4; lastKnownFileType = sourcecode.c.h; path = Commodity.h; sourceTree = "<group>"; };
		82BE1ECB183F5CC9004DCB84 /* Commodity.m */ = {isa = PBXFileReference; fileEncoding = 4; lastKnownFileType = sourcecode.c.objc; path = Commodity.m; sourceTree = "<group>"; };
		82C585791848779800AEE6D5 /* VURLCache.h */ = {isa = PBXFileReference; fileEncoding = 4; lastKnownFileType = sourcecode.c.h; path = VURLCache.h; sourceTree = "<group>"; };
		82C5857A1848779800AEE6D5 /* VURLCache.m */ = {isa = PBXFileReference; fileEncoding = 4; lastKnownFileType = sourcecode.c.objc; path = VURLCache.m; sourceTree = "<group>"; };
		82C7F01118444B9C00ADD4A6 /* NSMutableData+V.h */ = {isa = PBXFileReference; fileEncoding = 4; lastKnownFileType = sourcecode.c.h; path = "NSMutableData+V.h"; sourceTree = "<group>"; };
		82C7F01218444B9C00ADD4A6 /* NSMutableData+V.m */ = {isa = PBXFileReference; fileEncoding = 4; lastKnownFileType = sourcecode.c.objc; path = "NSMutableData+V.m"; sourceTree = "<group>"; };
		82C7F01418444BBA00ADD4A6 /* NSDictionary+V.h */ = {isa = PBXFileReference; fileEncoding = 4; lastKnownFileType = sourcecode.c.h; path = "NSDictionary+V.h"; sourceTree = "<group>"; };
		82C7F01518444BBA00ADD4A6 /* NSDictionary+V.m */ = {isa = PBXFileReference; fileEncoding = 4; lastKnownFileType = sourcecode.c.objc; path = "NSDictionary+V.m"; sourceTree = "<group>"; };
		82C7F01718444C9E00ADD4A6 /* VDataBaseHelper.h */ = {isa = PBXFileReference; fileEncoding = 4; lastKnownFileType = sourcecode.c.h; path = VDataBaseHelper.h; sourceTree = "<group>"; };
		82C7F01818444C9E00ADD4A6 /* VDataBaseHelper.m */ = {isa = PBXFileReference; fileEncoding = 4; lastKnownFileType = sourcecode.c.objc; path = VDataBaseHelper.m; sourceTree = "<group>"; };
		82C7F01A18444F3000ADD4A6 /* VGlobalHeader.h */ = {isa = PBXFileReference; fileEncoding = 4; lastKnownFileType = sourcecode.c.h; path = VGlobalHeader.h; sourceTree = "<group>"; };
		82C7F01B18446AE500ADD4A6 /* VDateTimeHelper.h */ = {isa = PBXFileReference; fileEncoding = 4; lastKnownFileType = sourcecode.c.h; path = VDateTimeHelper.h; sourceTree = "<group>"; };
		82C7F01C18446AE500ADD4A6 /* VDateTimeHelper.m */ = {isa = PBXFileReference; fileEncoding = 4; lastKnownFileType = sourcecode.c.objc; path = VDateTimeHelper.m; sourceTree = "<group>"; };
		82C7F01E184476B500ADD4A6 /* VAnimationHelper.h */ = {isa = PBXFileReference; fileEncoding = 4; lastKnownFileType = sourcecode.c.h; path = VAnimationHelper.h; sourceTree = "<group>"; };
		82C7F01F184476B500ADD4A6 /* VAnimationHelper.m */ = {isa = PBXFileReference; fileEncoding = 4; lastKnownFileType = sourcecode.c.objc; path = VAnimationHelper.m; sourceTree = "<group>"; };
		82C7F0211845CFD600ADD4A6 /* ActivityWall.h */ = {isa = PBXFileReference; fileEncoding = 4; lastKnownFileType = sourcecode.c.h; path = ActivityWall.h; sourceTree = "<group>"; };
		82C7F0221845CFD700ADD4A6 /* ActivityWall.m */ = {isa = PBXFileReference; fileEncoding = 4; lastKnownFileType = sourcecode.c.objc; path = ActivityWall.m; sourceTree = "<group>"; };
		82C7F025184600DE00ADD4A6 /* back@2x.png */ = {isa = PBXFileReference; lastKnownFileType = image.png; path = "back@2x.png"; sourceTree = "<group>"; };
		82C7F026184600DE00ADD4A6 /* forward@2x.png */ = {isa = PBXFileReference; lastKnownFileType = image.png; path = "forward@2x.png"; sourceTree = "<group>"; };
		82F120751835C8FD00B9F9D6 /* SystemConfiguration.framework */ = {isa = PBXFileReference; lastKnownFileType = wrapper.framework; name = SystemConfiguration.framework; path = System/Library/Frameworks/SystemConfiguration.framework; sourceTree = SDKROOT; };
		82F120771835C90200B9F9D6 /* CoreLocation.framework */ = {isa = PBXFileReference; lastKnownFileType = wrapper.framework; name = CoreLocation.framework; path = System/Library/Frameworks/CoreLocation.framework; sourceTree = SDKROOT; };
		82F120791835C90C00B9F9D6 /* Security.framework */ = {isa = PBXFileReference; lastKnownFileType = wrapper.framework; name = Security.framework; path = System/Library/Frameworks/Security.framework; sourceTree = SDKROOT; };
		82F98C69181F4AD600AC2F36 /* SecondsKill.app */ = {isa = PBXFileReference; explicitFileType = wrapper.application; includeInIndex = 0; path = SecondsKill.app; sourceTree = BUILT_PRODUCTS_DIR; };
		82F98C6C181F4AD600AC2F36 /* Foundation.framework */ = {isa = PBXFileReference; lastKnownFileType = wrapper.framework; name = Foundation.framework; path = System/Library/Frameworks/Foundation.framework; sourceTree = SDKROOT; };
		82F98C6E181F4AD600AC2F36 /* CoreGraphics.framework */ = {isa = PBXFileReference; lastKnownFileType = wrapper.framework; name = CoreGraphics.framework; path = System/Library/Frameworks/CoreGraphics.framework; sourceTree = SDKROOT; };
		82F98C70181F4AD600AC2F36 /* UIKit.framework */ = {isa = PBXFileReference; lastKnownFileType = wrapper.framework; name = UIKit.framework; path = System/Library/Frameworks/UIKit.framework; sourceTree = SDKROOT; };
		82F98C74181F4AD600AC2F36 /* SecondsKill-Info.plist */ = {isa = PBXFileReference; lastKnownFileType = text.plist.xml; path = "SecondsKill-Info.plist"; sourceTree = "<group>"; };
		82F98C76181F4AD600AC2F36 /* en */ = {isa = PBXFileReference; lastKnownFileType = text.plist.strings; name = en; path = en.lproj/InfoPlist.strings; sourceTree = "<group>"; };
		82F98C78181F4AD600AC2F36 /* main.m */ = {isa = PBXFileReference; lastKnownFileType = sourcecode.c.objc; path = main.m; sourceTree = "<group>"; };
		82F98C7A181F4AD600AC2F36 /* SecondsKill-Prefix.pch */ = {isa = PBXFileReference; lastKnownFileType = sourcecode.c.h; path = "SecondsKill-Prefix.pch"; sourceTree = "<group>"; };
		82F98C7B181F4AD600AC2F36 /* AppDelegate.h */ = {isa = PBXFileReference; lastKnownFileType = sourcecode.c.h; path = AppDelegate.h; sourceTree = "<group>"; };
		82F98C7C181F4AD600AC2F36 /* AppDelegate.m */ = {isa = PBXFileReference; lastKnownFileType = sourcecode.c.objc; path = AppDelegate.m; sourceTree = "<group>"; };
		82F98C7F181F4AD600AC2F36 /* Base */ = {isa = PBXFileReference; lastKnownFileType = file.storyboard; name = Base; path = Base.lproj/Main.storyboard; sourceTree = "<group>"; };
		82F98C87181F4AD700AC2F36 /* Images.xcassets */ = {isa = PBXFileReference; lastKnownFileType = folder.assetcatalog; path = Images.xcassets; sourceTree = "<group>"; };
		82F98C8E181F4AD700AC2F36 /* XCTest.framework */ = {isa = PBXFileReference; lastKnownFileType = wrapper.framework; name = XCTest.framework; path = Library/Frameworks/XCTest.framework; sourceTree = DEVELOPER_DIR; };
/* End PBXFileReference section */

/* Begin PBXFrameworksBuildPhase section */
		82F98C66181F4AD600AC2F36 /* Frameworks */ = {
			isa = PBXFrameworksBuildPhase;
			buildActionMask = 2147483647;
			files = (
				82F1207A1835C90C00B9F9D6 /* Security.framework in Frameworks */,
				82F120781835C90200B9F9D6 /* CoreLocation.framework in Frameworks */,
				82F120761835C8FD00B9F9D6 /* SystemConfiguration.framework in Frameworks */,
				82656B71183348AE004D3570 /* libiconv.dylib in Frameworks */,
				82656B6C183311E5004D3570 /* libsqlite3.dylib in Frameworks */,
				82656B6A183311D7004D3570 /* libstdc++.dylib in Frameworks */,
				82A519E0183217FF00D70496 /* libz.dylib in Frameworks */,
				824D44CB1832335A00C8A045 /* TencentOpenAPI.framework in Frameworks */,
				82A519D51830ADAC00D70496 /* CoreTelephony.framework in Frameworks */,
				82A519D2183089AB00D70496 /* libPushSDK-Simulator.a in Frameworks */,
				824D44CD1832335A00C8A045 /* libUMSocial_Sdk_3.1.a in Frameworks */,
				824D44CC1832335A00C8A045 /* libWeChatSDK.a in Frameworks */,
				82F98C6F181F4AD600AC2F36 /* CoreGraphics.framework in Frameworks */,
				82A519DC1832056300D70496 /* libMobClickLibrary.a in Frameworks */,
				824D44A618322F8B00C8A045 /* libUMFeedback.a in Frameworks */,
				82F98C71181F4AD600AC2F36 /* UIKit.framework in Frameworks */,
				824D44CE1832335A00C8A045 /* libUMSocial_Sdk_Comment_3.1.a in Frameworks */,
				82F98C6D181F4AD600AC2F36 /* Foundation.framework in Frameworks */,
				82A519DD1832056300D70496 /* libMobClickLibrary_armv6.a in Frameworks */,
				82A519D3183089AB00D70496 /* libPushSDK.a in Frameworks */,
				203984A350694F4A99EBD62F /* libPods.a in Frameworks */,
			);
			runOnlyForDeploymentPostprocessing = 0;
		};
/* End PBXFrameworksBuildPhase section */

/* Begin PBXGroup section */
		824247C2181F825000C97F13 /* Classes */ = {
			isa = PBXGroup;
			children = (
				824A9AC1183C4E8000BC8557 /* Killing */,
				824A9AC0183C4E7D00BC8557 /* NotBegin */,
				824A9ABF183C4E6E00BC8557 /* ActivityWall */,
				824A9ABE183C4E6600BC8557 /* ComparePrice */,
				824A9ABD183C4E5A00BC8557 /* More */,
				824247C3181F825600C97F13 /* Common */,
			);
			name = Classes;
			sourceTree = "<group>";
		};
		824247C3181F825600C97F13 /* Common */ = {
			isa = PBXGroup;
			children = (
				82C7F01A18444F3000ADD4A6 /* VGlobalHeader.h */,
				824247C5181F82AD00C97F13 /* SuperViewController.h */,
				824247C6181F82AD00C97F13 /* SuperViewController.m */,
				824A9AC3183C4FC500BC8557 /* component */,
				82ACA596181FAD96002A103B /* Views */,
				82A0F7EF182796DB00C9C6C6 /* helper */,
				8255F20B1821F71E00613ADE /* category */,
			);
			name = Common;
			sourceTree = "<group>";
		};
		824A9ABD183C4E5A00BC8557 /* More */ = {
			isa = PBXGroup;
			children = (
				82ACA58C181F9A44002A103B /* MoreViewController.h */,
				82ACA58D181F9A44002A103B /* MoreViewController.m */,
			);
			name = More;
			sourceTree = "<group>";
		};
		824A9ABE183C4E6600BC8557 /* ComparePrice */ = {
			isa = PBXGroup;
			children = (
				82ACA589181F9A3B002A103B /* ComparePriceViewController.h */,
				82ACA58A181F9A3B002A103B /* ComparePriceViewController.m */,
				826B6EF4183A1317005D8EDB /* ComparePriceTableViewCell.h */,
				826B6EF5183A1317005D8EDB /* ComparePriceTableViewCell.m */,
				829661AE1855BE2B00F46DB9 /* ComparePrice.h */,
				829661AF1855BE2B00F46DB9 /* ComparePrice.m */,
			);
			name = ComparePrice;
			sourceTree = "<group>";
		};
		824A9ABF183C4E6E00BC8557 /* ActivityWall */ = {
			isa = PBXGroup;
			children = (
				82ACA586181F9A0C002A103B /* ActivityWallViewController.h */,
				82ACA587181F9A0C002A103B /* ActivityWallViewController.m */,
				826B6EF1183A1305005D8EDB /* ActivityWallTableViewCell.h */,
				826B6EF2183A1305005D8EDB /* ActivityWallTableViewCell.m */,
				82C7F0211845CFD600ADD4A6 /* ActivityWall.h */,
				82C7F0221845CFD700ADD4A6 /* ActivityWall.m */,
			);
			name = ActivityWall;
			sourceTree = "<group>";
		};
		824A9AC0183C4E7D00BC8557 /* NotBegin */ = {
			isa = PBXGroup;
			children = (
				82ACA580181F99E6002A103B /* NotBeginViewController.h */,
				82ACA581181F99E6002A103B /* NotBeginViewController.m */,
			);
			name = NotBegin;
			sourceTree = "<group>";
		};
		824A9AC1183C4E8000BC8557 /* Killing */ = {
			isa = PBXGroup;
			children = (
				82ACA583181F99F0002A103B /* KillingViewController.h */,
				82ACA584181F99F0002A103B /* KillingViewController.m */,
				82ACA597181FADDF002A103B /* CommodityTableViewCell.h */,
				82ACA598181FADDF002A103B /* CommodityTableViewCell.m */,
				82A0F8001828E3E600C9C6C6 /* CommodityTableViewAdapter.h */,
				82A0F8011828E3E600C9C6C6 /* CommodityTableViewAdapter.m */,
				82BE1ECA183F5CC9004DCB84 /* Commodity.h */,
				82BE1ECB183F5CC9004DCB84 /* Commodity.m */,
			);
			name = Killing;
			sourceTree = "<group>";
		};
		824A9AC2183C4FA600BC8557 /* web */ = {
			isa = PBXGroup;
			children = (
				82A0F7D418239AD700C9C6C6 /* VWebViewController.h */,
				82A0F7D518239AD700C9C6C6 /* VWebViewController.m */,
				82A0F7F318279F2600C9C6C6 /* VWebView.h */,
				82A0F7F418279F2600C9C6C6 /* VWebView.m */,
			);
			name = web;
			sourceTree = "<group>";
		};
		824A9AC3183C4FC500BC8557 /* component */ = {
			isa = PBXGroup;
			children = (
				82BE1EB7183F1F58004DCB84 /* user */,
				8255F20A1821F71800613ADE /* menu */,
				824A9AC2183C4FA600BC8557 /* web */,
			);
			name = component;
			sourceTree = "<group>";
		};
		824D44A218322F8B00C8A045 /* UMFeedback_Sdk_1.4.1 */ = {
			isa = PBXGroup;
			children = (
				824D44A318322F8B00C8A045 /* libUMFeedback.a */,
				824D44A418322F8B00C8A045 /* umFeedback.bundle */,
				824D44A518322F8B00C8A045 /* UMFeedback.h */,
			);
			path = UMFeedback_Sdk_1.4.1;
			sourceTree = "<group>";
		};
		824D44A81832335A00C8A045 /* UMSocial_Sdk_3.1 */ = {
			isa = PBXGroup;
			children = (
				824D44A91832335A00C8A045 /* UMSocialLocalizable.strings */,
				824D44AB1832335A00C8A045 /* frameworks */,
				824D44B21832335A00C8A045 /* Header */,
				824D44BD1832335A00C8A045 /* libUMSocial_Sdk_3.1.a */,
				824D44BE1832335A00C8A045 /* libUMSocial_Sdk_Comment_3.1.a */,
				824D44BF1832335A00C8A045 /* SocialSDKXib */,
				824D44C81832335A00C8A045 /* UMSocialSDKResourcesNew.bundle */,
			);
			path = UMSocial_Sdk_3.1;
			sourceTree = "<group>";
		};
		824D44AB1832335A00C8A045 /* frameworks */ = {
			isa = PBXGroup;
			children = (
				824D44AC1832335A00C8A045 /* TencentOpenAPI */,
				824D44AE1832335A00C8A045 /* Wechat */,
			);
			path = frameworks;
			sourceTree = "<group>";
		};
		824D44AC1832335A00C8A045 /* TencentOpenAPI */ = {
			isa = PBXGroup;
			children = (
				824D44AD1832335A00C8A045 /* TencentOpenAPI.framework */,
			);
			path = TencentOpenAPI;
			sourceTree = "<group>";
		};
		824D44AE1832335A00C8A045 /* Wechat */ = {
			isa = PBXGroup;
			children = (
				824D44AF1832335A00C8A045 /* libWeChatSDK.a */,
				824D44B01832335A00C8A045 /* WXApi.h */,
				824D44B11832335A00C8A045 /* WXApiObject.h */,
			);
			path = Wechat;
			sourceTree = "<group>";
		};
		824D44B21832335A00C8A045 /* Header */ = {
			isa = PBXGroup;
			children = (
				824D44B31832335A00C8A045 /* UMSocial.h */,
				824D44B41832335A00C8A045 /* UMSocialAccountManager.h */,
				824D44B51832335A00C8A045 /* UMSocialBar.h */,
				824D44B61832335A00C8A045 /* UMSocialConfig.h */,
				824D44B71832335A00C8A045 /* UMSocialControllerService.h */,
				824D44B81832335A00C8A045 /* UMSocialControllerServiceComment.h */,
				824D44B91832335A00C8A045 /* UMSocialData.h */,
				824D44BA1832335A00C8A045 /* UMSocialDataService.h */,
				824D44BB1832335A00C8A045 /* UMSocialSnsPlatformManager.h */,
				824D44BC1832335A00C8A045 /* UMSocialSnsService.h */,
			);
			path = Header;
			sourceTree = "<group>";
		};
		824D44BF1832335A00C8A045 /* SocialSDKXib */ = {
			isa = PBXGroup;
			children = (
				824D44C01832335A00C8A045 /* UMSCommentDetailController.xib */,
				824D44C11832335A00C8A045 /* UMSCommentInputController.xib */,
				824D44C21832335A00C8A045 /* UMSCommentInputControlleriPad.xib */,
				824D44C31832335A00C8A045 /* UMShareEditViewController.xib */,
				824D44C41832335A00C8A045 /* UMShareEditViewControlleriPad.xib */,
				824D44C51832335A00C8A045 /* UMSLoginViewController.xib */,
				824D44C61832335A00C8A045 /* UMSnsAccountViewController.xib */,
				824D44C71832335A00C8A045 /* UMSShareListController.xib */,
			);
			path = SocialSDKXib;
			sourceTree = "<group>";
		};
		8255F2001821F70700613ADE /* Resources */ = {
			isa = PBXGroup;
			children = (
				8296619B1855B0A100F46DB9 /* FontAwesomeIcons.html */,
				82BE1E8B183D9C47004DCB84 /* secondskill.sqlite3 */,
				8255F2011821F70700613ADE /* images */,
			);
			path = Resources;
			sourceTree = "<group>";
		};
		8255F2011821F70700613ADE /* images */ = {
			isa = PBXGroup;
			children = (
				82A0F7FD1828A0F400C9C6C6 /* searchbg@2x.png */,
				82599636185EEFB200468FDC /* logo@2x.png */,
				82599638185EF1F500468FDC /* iconback_1024.png */,
				82C7F024184600DE00ADD4A6 /* webview */,
				826B6EDE183A02F5005D8EDB /* siteicon */,
				82A0F7B118235CBE00C9C6C6 /* btnicon */,
				82A0F7B718235CBE00C9C6C6 /* tabbar */,
			);
			path = images;
			sourceTree = "<group>";
		};
		8255F20A1821F71800613ADE /* menu */ = {
			isa = PBXGroup;
			children = (
				824247C8181F82B800C97F13 /* MenuViewController.h */,
				824247C9181F82B800C97F13 /* MenuViewController.m */,
				8255F25C18222EE900613ADE /* MenuTableViewCell.h */,
				8255F25D18222EE900613ADE /* MenuTableViewCell.m */,
				82A519C3182B948700D70496 /* UIButton+MenuItem.h */,
				82A519C4182B948700D70496 /* UIButton+MenuItem.m */,
				8255F20E1821F89300613ADE /* menu.plist */,
			);
			name = menu;
			sourceTree = "<group>";
		};
		8255F20B1821F71E00613ADE /* category */ = {
			isa = PBXGroup;
			children = (
				8255F25718220D0D00613ADE /* UIImage+V.h */,
				8255F25818220D0D00613ADE /* UIImage+V.m */,
				82A0F7AA182347F600C9C6C6 /* UIView+V.h */,
				82A0F7AB182347F600C9C6C6 /* UIView+V.m */,
				82BE1EC7183F442A004DCB84 /* NSString+V.h */,
				82BE1EC8183F442A004DCB84 /* NSString+V.m */,
				82C7F01118444B9C00ADD4A6 /* NSMutableData+V.h */,
				82C7F01218444B9C00ADD4A6 /* NSMutableData+V.m */,
				82C7F01418444BBA00ADD4A6 /* NSDictionary+V.h */,
				82C7F01518444BBA00ADD4A6 /* NSDictionary+V.m */,
				82966160184C6B4F00F46DB9 /* NSTimer+V.h */,
				82966161184C6B4F00F46DB9 /* NSTimer+V.m */,
				8296617918507F0900F46DB9 /* NSObject+V.h */,
				8296617A18507F0900F46DB9 /* NSObject+V.m */,
				829661AB1855B67D00F46DB9 /* NSArray+V.h */,
				829661AC1855B67D00F46DB9 /* NSArray+V.m */,
			);
			name = category;
			sourceTree = "<group>";
		};
		826B6EDE183A02F5005D8EDB /* siteicon */ = {
			isa = PBXGroup;
			children = (
				8296619D1855B0FE00F46DB9 /* vendor1@2x.png */,
				8296619E1855B0FE00F46DB9 /* vendor2@2x.png */,
				8296619F1855B0FE00F46DB9 /* vendor3@2x.png */,
				829661A01855B0FE00F46DB9 /* vendor4@2x.png */,
				829661A11855B0FE00F46DB9 /* vendor5@2x.png */,
				829661A21855B0FE00F46DB9 /* vendor6@2x.png */,
				829661A31855B0FE00F46DB9 /* vendor7@2x.png */,
				826B6EDF183A02F5005D8EDB /* icon_az@2x.png */,
				826B6EE0183A02F5005D8EDB /* icon_dd@2x.png */,
				826B6EE1183A02F5005D8EDB /* icon_gm@2x.png */,
				826B6EE2183A02F5005D8EDB /* icon_jd@2x.png */,
				826B6EE3183A02F5005D8EDB /* icon_ne@2x.png */,
				826B6EE4183A02F5005D8EDB /* icon_sn@2x.png */,
				826B6EE5183A02F5005D8EDB /* icon_tmall@2x.png */,
				826B6EE6183A02F5005D8EDB /* icon_yh@2x.png */,
				826B6EE7183A02F5005D8EDB /* icon_yx@2x.png */,
			);
			path = siteicon;
			sourceTree = "<group>";
		};
		82A0F7B118235CBE00C9C6C6 /* btnicon */ = {
			isa = PBXGroup;
			children = (
				8296616B18505CEF00F46DB9 /* icon_bell@2x.png */,
				8296616C18505CEF00F46DB9 /* icon_link@2x.png */,
				8296616D18505CEF00F46DB9 /* icon_share@2x.png */,
				8296616E18505CEF00F46DB9 /* icon_up@2x.png */,
			);
			path = btnicon;
			sourceTree = "<group>";
		};
		82A0F7B718235CBE00C9C6C6 /* tabbar */ = {
			isa = PBXGroup;
			children = (
				82A0F7B818235CBE00C9C6C6 /* icon_calendar@2x.png */,
				82A0F7BA18235CBE00C9C6C6 /* icon_energy@2x.png */,
				82A0F7BC18235CBE00C9C6C6 /* icon_handbag@2x.png */,
				82A0F7BE18235CBE00C9C6C6 /* icon_hourglass@2x.png */,
				82A0F7C018235CBE00C9C6C6 /* icon_more@2x.png */,
			);
			path = tabbar;
			sourceTree = "<group>";
		};
		82A0F7EF182796DB00C9C6C6 /* helper */ = {
			isa = PBXGroup;
			children = (
				82BE1EC1183F31C9004DCB84 /* VCommonHelper.h */,
				82BE1EC2183F31C9004DCB84 /* VCommonHelper.m */,
				82BE1EBE183F2E94004DCB84 /* VNetworkHelper.h */,
				82BE1EBF183F2E94004DCB84 /* VNetworkHelper.m */,
				82A0F7D1182367A200C9C6C6 /* VRequestHelper.h */,
				82A0F7D2182367A200C9C6C6 /* VRequestHelper.m */,
				82C7F01718444C9E00ADD4A6 /* VDataBaseHelper.h */,
				82C7F01818444C9E00ADD4A6 /* VDataBaseHelper.m */,
				82BE1EC4183F352A004DCB84 /* VAlertHelper.h */,
				82BE1EC5183F352A004DCB84 /* VAlertHelper.m */,
				82C7F01B18446AE500ADD4A6 /* VDateTimeHelper.h */,
				82C7F01C18446AE500ADD4A6 /* VDateTimeHelper.m */,
				82C7F01E184476B500ADD4A6 /* VAnimationHelper.h */,
				82C7F01F184476B500ADD4A6 /* VAnimationHelper.m */,
				82C585791848779800AEE6D5 /* VURLCache.h */,
				82C5857A1848779800AEE6D5 /* VURLCache.m */,
			);
			name = helper;
			sourceTree = "<group>";
		};
		82A519CD183089AB00D70496 /* ThirdParty */ = {
			isa = PBXGroup;
			children = (
				82BE1EA1183DF2A1004DCB84 /* AES256 */,
				824D44A81832335A00C8A045 /* UMSocial_Sdk_3.1 */,
				824D44A218322F8B00C8A045 /* UMFeedback_Sdk_1.4.1 */,
				82A519D81832056300D70496 /* UMAnalytics_Sdk_2.2.1.OpenUDID */,
				82A519CE183089AB00D70496 /* JPush */,
			);
			path = ThirdParty;
			sourceTree = "<group>";
		};
		82A519CE183089AB00D70496 /* JPush */ = {
			isa = PBXGroup;
			children = (
				82A519CF183089AB00D70496 /* APService.h */,
				82A519D0183089AB00D70496 /* libPushSDK-Simulator.a */,
				82A519D1183089AB00D70496 /* libPushSDK.a */,
				82A519D61830AFB400D70496 /* PushConfig.plist */,
			);
			path = JPush;
			sourceTree = "<group>";
		};
		82A519D81832056300D70496 /* UMAnalytics_Sdk_2.2.1.OpenUDID */ = {
			isa = PBXGroup;
			children = (
				82A519D91832056300D70496 /* libMobClickLibrary.a */,
				82A519DA1832056300D70496 /* libMobClickLibrary_armv6.a */,
				82A519DB1832056300D70496 /* MobClick.h */,
			);
			path = UMAnalytics_Sdk_2.2.1.OpenUDID;
			sourceTree = "<group>";
		};
		82ACA596181FAD96002A103B /* Views */ = {
			isa = PBXGroup;
			children = (
				82AAC4B61820A18D0057E164 /* StrikeThroughLabel.h */,
				82AAC4B71820A18D0057E164 /* StrikeThroughLabel.m */,
				82966166184D80B500F46DB9 /* VDatePicker.h */,
				82966167184D80B500F46DB9 /* VDatePicker.m */,
			);
			name = Views;
			sourceTree = "<group>";
		};
		82BE1EA1183DF2A1004DCB84 /* AES256 */ = {
			isa = PBXGroup;
			children = (
				82BE1EA2183DF2A1004DCB84 /* AESCrypt.h */,
				82BE1EA3183DF2A1004DCB84 /* AESCrypt.m */,
				82BE1EA6183DF2A1004DCB84 /* NSData+CommonCrypto.h */,
				82BE1EA7183DF2A1004DCB84 /* NSData+CommonCrypto.m */,
				82BE1EA4183DF2A1004DCB84 /* NSData+Base64.h */,
				82BE1EA5183DF2A1004DCB84 /* NSData+Base64.m */,
				82BE1EA8183DF2A1004DCB84 /* NSString+Base64.h */,
				82BE1EA9183DF2A1004DCB84 /* NSString+Base64.m */,
			);
			path = AES256;
			sourceTree = "<group>";
		};
		82BE1EB7183F1F58004DCB84 /* user */ = {
			isa = PBXGroup;
			children = (
				82BE1EB8183F1F70004DCB84 /* User.h */,
				82BE1EB9183F1F70004DCB84 /* User.m */,
				82BE1EBB183F1F7A004DCB84 /* UserManager.h */,
				82BE1EBC183F1F7A004DCB84 /* UserManager.m */,
			);
			name = user;
			sourceTree = "<group>";
		};
		82C7F024184600DE00ADD4A6 /* webview */ = {
			isa = PBXGroup;
			children = (
				82C7F025184600DE00ADD4A6 /* back@2x.png */,
				82C7F026184600DE00ADD4A6 /* forward@2x.png */,
			);
			path = webview;
			sourceTree = "<group>";
		};
		82F98C60181F4AD600AC2F36 = {
			isa = PBXGroup;
			children = (
				82F98C72181F4AD600AC2F36 /* SecondsKill */,
				82F98C6B181F4AD600AC2F36 /* Frameworks */,
				82F98C6A181F4AD600AC2F36 /* Products */,
				4049F88A6FA543A1AD091689 /* Pods.xcconfig */,
			);
			sourceTree = "<group>";
		};
		82F98C6A181F4AD600AC2F36 /* Products */ = {
			isa = PBXGroup;
			children = (
				82F98C69181F4AD600AC2F36 /* SecondsKill.app */,
			);
			name = Products;
			sourceTree = "<group>";
		};
		82F98C6B181F4AD600AC2F36 /* Frameworks */ = {
			isa = PBXGroup;
			children = (
				82966163184C918000F46DB9 /* StoreKit.framework */,
				82F120791835C90C00B9F9D6 /* Security.framework */,
				82F120771835C90200B9F9D6 /* CoreLocation.framework */,
				82F120751835C8FD00B9F9D6 /* SystemConfiguration.framework */,
				82656B70183348AE004D3570 /* libiconv.dylib */,
				82656B6B183311E5004D3570 /* libsqlite3.dylib */,
				82656B69183311D7004D3570 /* libstdc++.dylib */,
				82A519DF183217FF00D70496 /* libz.dylib */,
				82A519D41830ADAC00D70496 /* CoreTelephony.framework */,
				82F98C6C181F4AD600AC2F36 /* Foundation.framework */,
				82F98C6E181F4AD600AC2F36 /* CoreGraphics.framework */,
				82F98C70181F4AD600AC2F36 /* UIKit.framework */,
				82F98C8E181F4AD700AC2F36 /* XCTest.framework */,
				6CE20EFF00314B96B037F11F /* libPods.a */,
			);
			name = Frameworks;
			sourceTree = "<group>";
		};
		82F98C72181F4AD600AC2F36 /* SecondsKill */ = {
			isa = PBXGroup;
			children = (
				824247C2181F825000C97F13 /* Classes */,
				82F98C7B181F4AD600AC2F36 /* AppDelegate.h */,
				82F98C7C181F4AD600AC2F36 /* AppDelegate.m */,
				82599634185EEEBF00468FDC /* iTunesArtwork */,
				82F98C7E181F4AD600AC2F36 /* Main.storyboard */,
				82F98C87181F4AD700AC2F36 /* Images.xcassets */,
				82F98C73181F4AD600AC2F36 /* Supporting Files */,
			);
			path = SecondsKill;
			sourceTree = "<group>";
		};
		82F98C73181F4AD600AC2F36 /* Supporting Files */ = {
			isa = PBXGroup;
			children = (
				82A519CD183089AB00D70496 /* ThirdParty */,
				8255F2001821F70700613ADE /* Resources */,
				82F98C74181F4AD600AC2F36 /* SecondsKill-Info.plist */,
				82F98C75181F4AD600AC2F36 /* InfoPlist.strings */,
				82F98C78181F4AD600AC2F36 /* main.m */,
				82F98C7A181F4AD600AC2F36 /* SecondsKill-Prefix.pch */,
				82A0F80A1829EA2500C9C6C6 /* readme.txt */,
			);
			name = "Supporting Files";
			sourceTree = "<group>";
		};
/* End PBXGroup section */

/* Begin PBXNativeTarget section */
		82F98C68181F4AD600AC2F36 /* SecondsKill */ = {
			isa = PBXNativeTarget;
			buildConfigurationList = 82F98C9E181F4AD700AC2F36 /* Build configuration list for PBXNativeTarget "SecondsKill" */;
			buildPhases = (
				2C742C99369D4CD19BE0C73F /* Check Pods Manifest.lock */,
				82F98C65181F4AD600AC2F36 /* Sources */,
				82F98C66181F4AD600AC2F36 /* Frameworks */,
				82F98C67181F4AD600AC2F36 /* Resources */,
				F188DE52B5B246B5AD516B7F /* Copy Pods Resources */,
			);
			buildRules = (
			);
			dependencies = (
			);
			name = SecondsKill;
			productName = SecondsKill;
			productReference = 82F98C69181F4AD600AC2F36 /* SecondsKill.app */;
			productType = "com.apple.product-type.application";
		};
/* End PBXNativeTarget section */

/* Begin PBXProject section */
		82F98C61181F4AD600AC2F36 /* Project object */ = {
			isa = PBXProject;
			attributes = {
				LastUpgradeCheck = 0500;
				ORGANIZATIONNAME = edouglas;
				TargetAttributes = {
					82F98C68181F4AD600AC2F36 = {
						DevelopmentTeam = J5ABJH42H9;
					};
				};
			};
			buildConfigurationList = 82F98C64181F4AD600AC2F36 /* Build configuration list for PBXProject "SecondsKill" */;
			compatibilityVersion = "Xcode 3.2";
			developmentRegion = English;
			hasScannedForEncodings = 0;
			knownRegions = (
				en,
				Base,
				"zh-Hans",
			);
			mainGroup = 82F98C60181F4AD600AC2F36;
			productRefGroup = 82F98C6A181F4AD600AC2F36 /* Products */;
			projectDirPath = "";
			projectRoot = "";
			targets = (
				82F98C68181F4AD600AC2F36 /* SecondsKill */,
			);
		};
/* End PBXProject section */

/* Begin PBXResourcesBuildPhase section */
		82F98C67181F4AD600AC2F36 /* Resources */ = {
			isa = PBXResourcesBuildPhase;
			buildActionMask = 2147483647;
			files = (
				82F98C88181F4AD700AC2F36 /* Images.xcassets in Resources */,
				82A0F80B1829EA2500C9C6C6 /* readme.txt in Resources */,
				8255F20F1821F89300613ADE /* menu.plist in Resources */,
				82A0F7CD18235CBE00C9C6C6 /* icon_hourglass@2x.png in Resources */,
				824D44D41832335A00C8A045 /* UMSLoginViewController.xib in Resources */,
				82BE1E8D183D9C47004DCB84 /* secondskill.sqlite3 in Resources */,
				82599635185EEEBF00468FDC /* iTunesArtwork in Resources */,
				824D44D21832335A00C8A045 /* UMShareEditViewController.xib in Resources */,
				826B6EF0183A02F5005D8EDB /* icon_yx@2x.png in Resources */,
				824D44D31832335A00C8A045 /* UMShareEditViewControlleriPad.xib in Resources */,
				82A0F7C918235CBE00C9C6C6 /* icon_energy@2x.png in Resources */,
				824D44CF1832335A00C8A045 /* UMSCommentDetailController.xib in Resources */,
				826B6EEA183A02F5005D8EDB /* icon_gm@2x.png in Resources */,
				8296619C1855B0A100F46DB9 /* FontAwesomeIcons.html in Resources */,
				826B6EE8183A02F5005D8EDB /* icon_az@2x.png in Resources */,
				824D44D71832335A00C8A045 /* UMSocialSDKResourcesNew.bundle in Resources */,
				8296617118505CEF00F46DB9 /* icon_share@2x.png in Resources */,
				829661A71855B0FE00F46DB9 /* vendor4@2x.png in Resources */,
				82599637185EEFB200468FDC /* logo@2x.png in Resources */,
				824D44D61832335A00C8A045 /* UMSShareListController.xib in Resources */,
				82F98C77181F4AD600AC2F36 /* InfoPlist.strings in Resources */,
				829661A51855B0FE00F46DB9 /* vendor2@2x.png in Resources */,
				829661AA1855B0FE00F46DB9 /* vendor7@2x.png in Resources */,
				82599639185EF1F500468FDC /* iconback_1024.png in Resources */,
				82F98C80181F4AD600AC2F36 /* Main.storyboard in Resources */,
				829661A81855B0FE00F46DB9 /* vendor5@2x.png in Resources */,
				826B6EED183A02F5005D8EDB /* icon_sn@2x.png in Resources */,
				826B6EEF183A02F5005D8EDB /* icon_yh@2x.png in Resources */,
				824D44A718322F8B00C8A045 /* umFeedback.bundle in Resources */,
				829661A41855B0FE00F46DB9 /* vendor1@2x.png in Resources */,
				824D44CA1832335A00C8A045 /* UMSocialLocalizable.strings in Resources */,
				82A0F7C718235CBE00C9C6C6 /* icon_calendar@2x.png in Resources */,
				82A0F7FF1828A0F400C9C6C6 /* searchbg@2x.png in Resources */,
				826B6EEC183A02F5005D8EDB /* icon_ne@2x.png in Resources */,
				8296617218505CEF00F46DB9 /* icon_up@2x.png in Resources */,
				8296617018505CEF00F46DB9 /* icon_link@2x.png in Resources */,
				829661A61855B0FE00F46DB9 /* vendor3@2x.png in Resources */,
				826B6EE9183A02F5005D8EDB /* icon_dd@2x.png in Resources */,
				829661A91855B0FE00F46DB9 /* vendor6@2x.png in Resources */,
				82C7F027184600DE00ADD4A6 /* back@2x.png in Resources */,
				82A519D71830AFB400D70496 /* PushConfig.plist in Resources */,
				824D44D51832335A00C8A045 /* UMSnsAccountViewController.xib in Resources */,
				82A0F7CF18235CBE00C9C6C6 /* icon_more@2x.png in Resources */,
				826B6EEE183A02F5005D8EDB /* icon_tmall@2x.png in Resources */,
				8296616F18505CEF00F46DB9 /* icon_bell@2x.png in Resources */,
				826B6EEB183A02F5005D8EDB /* icon_jd@2x.png in Resources */,
				82C7F028184600DE00ADD4A6 /* forward@2x.png in Resources */,
				824D44D01832335A00C8A045 /* UMSCommentInputController.xib in Resources */,
				824D44D11832335A00C8A045 /* UMSCommentInputControlleriPad.xib in Resources */,
				82A0F7CB18235CBE00C9C6C6 /* icon_handbag@2x.png in Resources */,
			);
			runOnlyForDeploymentPostprocessing = 0;
		};
/* End PBXResourcesBuildPhase section */

/* Begin PBXShellScriptBuildPhase section */
		2C742C99369D4CD19BE0C73F /* Check Pods Manifest.lock */ = {
			isa = PBXShellScriptBuildPhase;
			buildActionMask = 2147483647;
			files = (
			);
			inputPaths = (
			);
			name = "Check Pods Manifest.lock";
			outputPaths = (
			);
			runOnlyForDeploymentPostprocessing = 0;
			shellPath = /bin/sh;
			shellScript = "diff \"${PODS_ROOT}/../Podfile.lock\" \"${PODS_ROOT}/Manifest.lock\" > /dev/null\nif [[ $? != 0 ]] ; then\n    cat << EOM\nerror: The sandbox is not in sync with the Podfile.lock. Run 'pod install' or update your CocoaPods installation.\nEOM\n    exit 1\nfi\n";
			showEnvVarsInLog = 0;
		};
		F188DE52B5B246B5AD516B7F /* Copy Pods Resources */ = {
			isa = PBXShellScriptBuildPhase;
			buildActionMask = 2147483647;
			files = (
			);
			inputPaths = (
			);
			name = "Copy Pods Resources";
			outputPaths = (
			);
			runOnlyForDeploymentPostprocessing = 0;
			shellPath = /bin/sh;
			shellScript = "\"${SRCROOT}/Pods/Pods-resources.sh\"\n";
			showEnvVarsInLog = 0;
		};
/* End PBXShellScriptBuildPhase section */

/* Begin PBXSourcesBuildPhase section */
		82F98C65181F4AD600AC2F36 /* Sources */ = {
			isa = PBXSourcesBuildPhase;
			buildActionMask = 2147483647;
			files = (
				8296617B18507F0900F46DB9 /* NSObject+V.m in Sources */,
				82BE1EC9183F442A004DCB84 /* NSString+V.m in Sources */,
				824247C7181F82AD00C97F13 /* SuperViewController.m in Sources */,
				824247CA181F82B800C97F13 /* MenuViewController.m in Sources */,
				82ACA582181F99E6002A103B /* NotBeginViewController.m in Sources */,
				82ACA585181F99F0002A103B /* KillingViewController.m in Sources */,
				82ACA599181FADDF002A103B /* CommodityTableViewCell.m in Sources */,
				82A0F8021828E3E600C9C6C6 /* CommodityTableViewAdapter.m in Sources */,
				829661AD1855B67D00F46DB9 /* NSArray+V.m in Sources */,
				82C7F01918444C9E00ADD4A6 /* VDataBaseHelper.m in Sources */,
				82A519C5182B948700D70496 /* UIButton+MenuItem.m in Sources */,
				826B6EF3183A1305005D8EDB /* ActivityWallTableViewCell.m in Sources */,
				82ACA58E181F9A44002A103B /* MoreViewController.m in Sources */,
				82AAC4B81820A18D0057E164 /* StrikeThroughLabel.m in Sources */,
				826B6EF6183A1317005D8EDB /* ComparePriceTableViewCell.m in Sources */,
				82BE1EC0183F2E94004DCB84 /* VNetworkHelper.m in Sources */,
				82BE1EAC183DF2A1004DCB84 /* NSData+CommonCrypto.m in Sources */,
				82C7F01618444BBA00ADD4A6 /* NSDictionary+V.m in Sources */,
				82BE1EAB183DF2A1004DCB84 /* NSData+Base64.m in Sources */,
				82F98C7D181F4AD600AC2F36 /* AppDelegate.m in Sources */,
				82C7F01D18446AE500ADD4A6 /* VDateTimeHelper.m in Sources */,
				8255F25918220D0D00613ADE /* UIImage+V.m in Sources */,
				82ACA58B181F9A3B002A103B /* ComparePriceViewController.m in Sources */,
				82C7F020184476B500ADD4A6 /* VAnimationHelper.m in Sources */,
				82C7F01318444B9C00ADD4A6 /* NSMutableData+V.m in Sources */,
				82966162184C6B4F00F46DB9 /* NSTimer+V.m in Sources */,
				8255F25E18222EE900613ADE /* MenuTableViewCell.m in Sources */,
				829661B01855BE2B00F46DB9 /* ComparePrice.m in Sources */,
				82A0F7D3182367A200C9C6C6 /* VRequestHelper.m in Sources */,
				82ACA588181F9A0C002A103B /* ActivityWallViewController.m in Sources */,
				82966168184D80B500F46DB9 /* VDatePicker.m in Sources */,
				82BE1EBA183F1F70004DCB84 /* User.m in Sources */,
				82BE1EAD183DF2A1004DCB84 /* NSString+Base64.m in Sources */,
				82A0F7F518279F2600C9C6C6 /* VWebView.m in Sources */,
				82BE1EC6183F352A004DCB84 /* VAlertHelper.m in Sources */,
				82F98C79181F4AD600AC2F36 /* main.m in Sources */,
				82BE1ECC183F5CC9004DCB84 /* Commodity.m in Sources */,
				82C5857B1848779800AEE6D5 /* VURLCache.m in Sources */,
				82A0F7D618239AD700C9C6C6 /* VWebViewController.m in Sources */,
				82BE1EBD183F1F7A004DCB84 /* UserManager.m in Sources */,
				82C7F0231845CFD700ADD4A6 /* ActivityWall.m in Sources */,
				82BE1EAA183DF2A1004DCB84 /* AESCrypt.m in Sources */,
				82A0F7AC182347F600C9C6C6 /* UIView+V.m in Sources */,
				82BE1EC3183F31C9004DCB84 /* VCommonHelper.m in Sources */,
			);
			runOnlyForDeploymentPostprocessing = 0;
		};
/* End PBXSourcesBuildPhase section */

/* Begin PBXVariantGroup section */
		824D44A91832335A00C8A045 /* UMSocialLocalizable.strings */ = {
			isa = PBXVariantGroup;
			children = (
				824D44AA1832335A00C8A045 /* en */,
				824D44C91832335A00C8A045 /* zh-Hans */,
			);
			name = UMSocialLocalizable.strings;
			sourceTree = "<group>";
		};
		82F98C75181F4AD600AC2F36 /* InfoPlist.strings */ = {
			isa = PBXVariantGroup;
			children = (
				82F98C76181F4AD600AC2F36 /* en */,
			);
			name = InfoPlist.strings;
			sourceTree = "<group>";
		};
		82F98C7E181F4AD600AC2F36 /* Main.storyboard */ = {
			isa = PBXVariantGroup;
			children = (
				82F98C7F181F4AD600AC2F36 /* Base */,
			);
			name = Main.storyboard;
			sourceTree = "<group>";
		};
/* End PBXVariantGroup section */

/* Begin XCBuildConfiguration section */
		82F98C9C181F4AD700AC2F36 /* Debug */ = {
			isa = XCBuildConfiguration;
			buildSettings = {
				ALWAYS_SEARCH_USER_PATHS = NO;
				ARCHS = "$(ARCHS_STANDARD_INCLUDING_64_BIT)";
				CLANG_CXX_LANGUAGE_STANDARD = "gnu++0x";
				CLANG_CXX_LIBRARY = "libc++";
				CLANG_ENABLE_MODULES = YES;
				CLANG_ENABLE_OBJC_ARC = YES;
				CLANG_WARN_BOOL_CONVERSION = YES;
				CLANG_WARN_CONSTANT_CONVERSION = YES;
				CLANG_WARN_DIRECT_OBJC_ISA_USAGE = YES_ERROR;
				CLANG_WARN_EMPTY_BODY = YES;
				CLANG_WARN_ENUM_CONVERSION = YES;
				CLANG_WARN_INT_CONVERSION = YES;
				CLANG_WARN_OBJC_ROOT_CLASS = YES_ERROR;
				CLANG_WARN__DUPLICATE_METHOD_MATCH = YES;
				"CODE_SIGN_IDENTITY[sdk=iphoneos*]" = "iPhone Developer";
				COPY_PHASE_STRIP = NO;
				GCC_C_LANGUAGE_STANDARD = gnu99;
				GCC_DYNAMIC_NO_PIC = NO;
				GCC_OPTIMIZATION_LEVEL = 0;
				GCC_PREPROCESSOR_DEFINITIONS = (
					"DEBUG=1",
					"$(inherited)",
				);
				GCC_SYMBOLS_PRIVATE_EXTERN = NO;
				GCC_WARN_64_TO_32_BIT_CONVERSION = YES;
				GCC_WARN_ABOUT_RETURN_TYPE = YES_ERROR;
				GCC_WARN_UNDECLARED_SELECTOR = YES;
				GCC_WARN_UNINITIALIZED_AUTOS = YES;
				GCC_WARN_UNUSED_FUNCTION = YES;
				GCC_WARN_UNUSED_VARIABLE = YES;
				IPHONEOS_DEPLOYMENT_TARGET = 6.0;
				ONLY_ACTIVE_ARCH = YES;
				SDKROOT = iphoneos;
				SKIP_INSTALL = NO;
			};
			name = Debug;
		};
		82F98C9D181F4AD700AC2F36 /* Release */ = {
			isa = XCBuildConfiguration;
			buildSettings = {
				ALWAYS_SEARCH_USER_PATHS = NO;
				ARCHS = "$(ARCHS_STANDARD_INCLUDING_64_BIT)";
				CLANG_CXX_LANGUAGE_STANDARD = "gnu++0x";
				CLANG_CXX_LIBRARY = "libc++";
				CLANG_ENABLE_MODULES = YES;
				CLANG_ENABLE_OBJC_ARC = YES;
				CLANG_WARN_BOOL_CONVERSION = YES;
				CLANG_WARN_CONSTANT_CONVERSION = YES;
				CLANG_WARN_DIRECT_OBJC_ISA_USAGE = YES_ERROR;
				CLANG_WARN_EMPTY_BODY = YES;
				CLANG_WARN_ENUM_CONVERSION = YES;
				CLANG_WARN_INT_CONVERSION = YES;
				CLANG_WARN_OBJC_ROOT_CLASS = YES_ERROR;
				CLANG_WARN__DUPLICATE_METHOD_MATCH = YES;
				"CODE_SIGN_IDENTITY[sdk=iphoneos*]" = "iPhone Developer";
				COPY_PHASE_STRIP = YES;
				ENABLE_NS_ASSERTIONS = NO;
				GCC_C_LANGUAGE_STANDARD = gnu99;
				GCC_WARN_64_TO_32_BIT_CONVERSION = YES;
				GCC_WARN_ABOUT_RETURN_TYPE = YES_ERROR;
				GCC_WARN_UNDECLARED_SELECTOR = YES;
				GCC_WARN_UNINITIALIZED_AUTOS = YES;
				GCC_WARN_UNUSED_FUNCTION = YES;
				GCC_WARN_UNUSED_VARIABLE = YES;
				IPHONEOS_DEPLOYMENT_TARGET = 6.0;
				SDKROOT = iphoneos;
				SKIP_INSTALL = NO;
				VALIDATE_PRODUCT = YES;
			};
			name = Release;
		};
		82F98C9F181F4AD700AC2F36 /* Debug */ = {
			isa = XCBuildConfiguration;
			baseConfigurationReference = 4049F88A6FA543A1AD091689 /* Pods.xcconfig */;
			buildSettings = {
				ARCHS = "$(ARCHS_STANDARD)";
				ASSETCATALOG_COMPILER_APPICON_NAME = AppIcon;
				ASSETCATALOG_COMPILER_LAUNCHIMAGE_NAME = LaunchImage;
				CODE_SIGN_IDENTITY = "iPhone Distribution: Yi Deng (J5ABJH42H9)";
				"CODE_SIGN_IDENTITY[sdk=iphoneos*]" = "iPhone Distribution: Yi Deng (J5ABJH42H9)";
				FRAMEWORK_SEARCH_PATHS = (
					"$(inherited)",
					/Users/citylife/Documents/SecondsKill/SecondsKill/ThirdParty/UMSocial_Sdk_3.1/frameworks/TencentOpenAPI,
					/Users/citylife/Documents/SecondsKill/SecondsKill/ThirdParty,
				);
				GCC_PRECOMPILE_PREFIX_HEADER = YES;
				GCC_PREFIX_HEADER = "SecondsKill/SecondsKill-Prefix.pch";
				INFOPLIST_FILE = "SecondsKill/SecondsKill-Info.plist";
				LIBRARY_SEARCH_PATHS = (
					"$(inherited)",
					/Users/citylife/Documents/SecondsKill/SecondsKill/ThirdParty/JPush,
					/Users/citylife/Documents/SecondsKill/SecondsKill/ThirdParty/UMAnalytics_Sdk_2.2.1.OpenUDID,
					/Users/citylife/Documents/SecondsKill/SecondsKill/ThirdParty/UMFeedback_Sdk_1.4.1,
					/Users/citylife/Documents/SecondsKill/SecondsKill/ThirdParty/UMSocial_Sdk_3.1/frameworks/Wechat,
					/Users/citylife/Documents/SecondsKill/SecondsKill/ThirdParty/UMSocial_Sdk_3.1,
				);
				ONLY_ACTIVE_ARCH = YES;
				OTHER_LDFLAGS = (
					"-ObjC",
					"-lsqlite3",
					"-framework",
					CoreGraphics,
					"-framework",
					Foundation,
					"-framework",
					MobileCoreServices,
					"-framework",
					QuartzCore,
					"-framework",
					Security,
					"-framework",
					SystemConfiguration,
					"-framework",
					UIKit,
					"-all_load",
				);
				PRODUCT_NAME = "$(TARGET_NAME)";
				PROVISIONING_PROFILE = "90556037-50D3-4DA3-8ECB-8FD241F70E09";
				SDKROOT = iphoneos;
				SKIP_INSTALL = NO;
				USER_HEADER_SEARCH_PATHS = "${SRCROOT}/**";
				VALID_ARCHS = "armv7 armv7s arm64";
				WRAPPER_EXTENSION = app;
			};
			name = Debug;
		};
		82F98CA0181F4AD700AC2F36 /* Release */ = {
			isa = XCBuildConfiguration;
			baseConfigurationReference = 4049F88A6FA543A1AD091689 /* Pods.xcconfig */;
			buildSettings = {
				ARCHS = "$(ARCHS_STANDARD)";
				ASSETCATALOG_COMPILER_APPICON_NAME = AppIcon;
				ASSETCATALOG_COMPILER_LAUNCHIMAGE_NAME = LaunchImage;
				CODE_SIGN_IDENTITY = "iPhone Distribution: Yi Deng (J5ABJH42H9)";
				"CODE_SIGN_IDENTITY[sdk=iphoneos*]" = "iPhone Distribution: Yi Deng (J5ABJH42H9)";
				FRAMEWORK_SEARCH_PATHS = (
					"$(inherited)",
					/Users/citylife/Documents/SecondsKill/SecondsKill/ThirdParty/UMSocial_Sdk_3.1/frameworks/TencentOpenAPI,
					/Users/citylife/Documents/SecondsKill/SecondsKill/ThirdParty,
				);
				GCC_PRECOMPILE_PREFIX_HEADER = YES;
				GCC_PREFIX_HEADER = "SecondsKill/SecondsKill-Prefix.pch";
				INFOPLIST_FILE = "SecondsKill/SecondsKill-Info.plist";
				LIBRARY_SEARCH_PATHS = (
					"$(inherited)",
					/Users/citylife/Documents/SecondsKill/SecondsKill/ThirdParty/JPush,
					/Users/citylife/Documents/SecondsKill/SecondsKill/ThirdParty/UMAnalytics_Sdk_2.2.1.OpenUDID,
					/Users/citylife/Documents/SecondsKill/SecondsKill/ThirdParty/UMFeedback_Sdk_1.4.1,
					/Users/citylife/Documents/SecondsKill/SecondsKill/ThirdParty/UMSocial_Sdk_3.1/frameworks/Wechat,
					/Users/citylife/Documents/SecondsKill/SecondsKill/ThirdParty/UMSocial_Sdk_3.1,
				);
				ONLY_ACTIVE_ARCH = NO;
				OTHER_LDFLAGS = (
					"-ObjC",
					"-lsqlite3",
					"-framework",
					CoreGraphics,
					"-framework",
					Foundation,
					"-framework",
					MobileCoreServices,
					"-framework",
					QuartzCore,
					"-framework",
					Security,
					"-framework",
					SystemConfiguration,
					"-framework",
					UIKit,
					"-all_load",
				);
				PRODUCT_NAME = "$(TARGET_NAME)";
				PROVISIONING_PROFILE = "90556037-50D3-4DA3-8ECB-8FD241F70E09";
				SDKROOT = iphoneos;
				SKIP_INSTALL = NO;
				USER_HEADER_SEARCH_PATHS = "${SRCROOT}/**";
				VALID_ARCHS = "armv7 armv7s arm64";
				WRAPPER_EXTENSION = app;
			};
			name = Release;
		};
/* End XCBuildConfiguration section */

/* Begin XCConfigurationList section */
		82F98C64181F4AD600AC2F36 /* Build configuration list for PBXProject "SecondsKill" */ = {
			isa = XCConfigurationList;
			buildConfigurations = (
				82F98C9C181F4AD700AC2F36 /* Debug */,
				82F98C9D181F4AD700AC2F36 /* Release */,
			);
			defaultConfigurationIsVisible = 0;
			defaultConfigurationName = Release;
		};
		82F98C9E181F4AD700AC2F36 /* Build configuration list for PBXNativeTarget "SecondsKill" */ = {
			isa = XCConfigurationList;
			buildConfigurations = (
				82F98C9F181F4AD700AC2F36 /* Debug */,
				82F98CA0181F4AD700AC2F36 /* Release */,
			);
			defaultConfigurationIsVisible = 0;
			defaultConfigurationName = Release;
		};
/* End XCConfigurationList section */
	};
	rootObject = 82F98C61181F4AD600AC2F36 /* Project object */;
}
